// !$*UTF8*$!
{
	archiveVersion = 1;
	classes = {
	};
	objectVersion = 56;
	objects = {

/* Begin PBXBuildFile section */
		295FA8142A985D3500B35C54 /* AppDelegate.swift in Sources */ = {isa = PBXBuildFile; fileRef = 295FA8132A985D3500B35C54 /* AppDelegate.swift */; };
		295FA8162A985D3500B35C54 /* ViewController.swift in Sources */ = {isa = PBXBuildFile; fileRef = 295FA8152A985D3500B35C54 /* ViewController.swift */; };
		295FA8192A985D3500B35C54 /* Main.storyboard in Resources */ = {isa = PBXBuildFile; fileRef = 295FA8172A985D3500B35C54 /* Main.storyboard */; };
		295FA81B2A985D3600B35C54 /* Assets.xcassets in Resources */ = {isa = PBXBuildFile; fileRef = 295FA81A2A985D3600B35C54 /* Assets.xcassets */; };
		295FA81E2A985D3600B35C54 /* LaunchScreen.storyboard in Resources */ = {isa = PBXBuildFile; fileRef = 295FA81C2A985D3600B35C54 /* LaunchScreen.storyboard */; };
		295FA8282A985D5100B35C54 /* WKPlayerSettings.swift in Sources */ = {isa = PBXBuildFile; fileRef = 295FA8252A985D5100B35C54 /* WKPlayerSettings.swift */; };
		295FA8292A985D5100B35C54 /* WKPlayerStateModel.swift in Sources */ = {isa = PBXBuildFile; fileRef = 295FA8262A985D5100B35C54 /* WKPlayerStateModel.swift */; };
		295FA82A2A985D5100B35C54 /* WKPlayer.swift in Sources */ = {isa = PBXBuildFile; fileRef = 295FA8272A985D5100B35C54 /* WKPlayer.swift */; };
/* End PBXBuildFile section */

/* Begin PBXFileReference section */
		295FA8102A985D3500B35C54 /* NeteaseTVDemo.app */ = {isa = PBXFileReference; explicitFileType = wrapper.application; includeInIndex = 0; path = NeteaseTVDemo.app; sourceTree = BUILT_PRODUCTS_DIR; };
		295FA8132A985D3500B35C54 /* AppDelegate.swift */ = {isa = PBXFileReference; lastKnownFileType = sourcecode.swift; path = AppDelegate.swift; sourceTree = "<group>"; };
		295FA8152A985D3500B35C54 /* ViewController.swift */ = {isa = PBXFileReference; lastKnownFileType = sourcecode.swift; path = ViewController.swift; sourceTree = "<group>"; };
		295FA8182A985D3500B35C54 /* Base */ = {isa = PBXFileReference; lastKnownFileType = file.storyboard; name = Base; path = Base.lproj/Main.storyboard; sourceTree = "<group>"; };
		295FA81A2A985D3600B35C54 /* Assets.xcassets */ = {isa = PBXFileReference; lastKnownFileType = folder.assetcatalog; path = Assets.xcassets; sourceTree = "<group>"; };
		295FA81D2A985D3600B35C54 /* Base */ = {isa = PBXFileReference; lastKnownFileType = file.storyboard; name = Base; path = Base.lproj/LaunchScreen.storyboard; sourceTree = "<group>"; };
		295FA8252A985D5100B35C54 /* WKPlayerSettings.swift */ = {isa = PBXFileReference; fileEncoding = 4; lastKnownFileType = sourcecode.swift; path = WKPlayerSettings.swift; sourceTree = "<group>"; };
		295FA8262A985D5100B35C54 /* WKPlayerStateModel.swift */ = {isa = PBXFileReference; fileEncoding = 4; lastKnownFileType = sourcecode.swift; path = WKPlayerStateModel.swift; sourceTree = "<group>"; };
		295FA8272A985D5100B35C54 /* WKPlayer.swift */ = {isa = PBXFileReference; fileEncoding = 4; lastKnownFileType = sourcecode.swift; path = WKPlayer.swift; sourceTree = "<group>"; };
/* End PBXFileReference section */

/* Begin PBXFrameworksBuildPhase section */
		295FA80D2A985D3500B35C54 /* Frameworks */ = {
			isa = PBXFrameworksBuildPhase;
			buildActionMask = 2147483647;
			files = (
			);
			runOnlyForDeploymentPostprocessing = 0;
		};
/* End PBXFrameworksBuildPhase section */

/* Begin PBXGroup section */
		295FA8072A985D3500B35C54 = {
			isa = PBXGroup;
			children = (
				295FA8122A985D3500B35C54 /* NeteaseTVDemo */,
				295FA8112A985D3500B35C54 /* Products */,
			);
			sourceTree = "<group>";
		};
		295FA8112A985D3500B35C54 /* Products */ = {
			isa = PBXGroup;
			children = (
				295FA8102A985D3500B35C54 /* NeteaseTVDemo.app */,
			);
			name = Products;
			sourceTree = "<group>";
		};
		295FA8122A985D3500B35C54 /* NeteaseTVDemo */ = {
			isa = PBXGroup;
			children = (
				295FA8132A985D3500B35C54 /* AppDelegate.swift */,
				295FA8152A985D3500B35C54 /* ViewController.swift */,
				295FA8242A985D5100B35C54 /* Player */,
				295FA8172A985D3500B35C54 /* Main.storyboard */,
				295FA81A2A985D3600B35C54 /* Assets.xcassets */,
				295FA81C2A985D3600B35C54 /* LaunchScreen.storyboard */,
			);
			path = NeteaseTVDemo;
			sourceTree = "<group>";
		};
		295FA8242A985D5100B35C54 /* Player */ = {
			isa = PBXGroup;
			children = (
				295FA8252A985D5100B35C54 /* WKPlayerSettings.swift */,
				295FA8262A985D5100B35C54 /* WKPlayerStateModel.swift */,
				295FA8272A985D5100B35C54 /* WKPlayer.swift */,
			);
			path = Player;
			sourceTree = "<group>";
		};
/* End PBXGroup section */

/* Begin PBXNativeTarget section */
		295FA80F2A985D3500B35C54 /* NeteaseTVDemo */ = {
			isa = PBXNativeTarget;
			buildConfigurationList = 295FA8212A985D3600B35C54 /* Build configuration list for PBXNativeTarget "NeteaseTVDemo" */;
			buildPhases = (
				295FA80C2A985D3500B35C54 /* Sources */,
				295FA80D2A985D3500B35C54 /* Frameworks */,
				295FA80E2A985D3500B35C54 /* Resources */,
			);
			buildRules = (
			);
			dependencies = (
			);
			name = NeteaseTVDemo;
			productName = NeteaseTVDemo;
			productReference = 295FA8102A985D3500B35C54 /* NeteaseTVDemo.app */;
			productType = "com.apple.product-type.application";
		};
/* End PBXNativeTarget section */

/* Begin PBXProject section */
		295FA8082A985D3500B35C54 /* Project object */ = {
			isa = PBXProject;
			attributes = {
				BuildIndependentTargetsInParallel = 1;
				LastSwiftUpdateCheck = 1420;
				LastUpgradeCheck = 1420;
				TargetAttributes = {
					295FA80F2A985D3500B35C54 = {
						CreatedOnToolsVersion = 14.2;
					};
				};
			};
			buildConfigurationList = 295FA80B2A985D3500B35C54 /* Build configuration list for PBXProject "NeteaseTVDemo" */;
			compatibilityVersion = "Xcode 14.0";
			developmentRegion = en;
			hasScannedForEncodings = 0;
			knownRegions = (
				en,
				Base,
			);
			mainGroup = 295FA8072A985D3500B35C54;
			productRefGroup = 295FA8112A985D3500B35C54 /* Products */;
			projectDirPath = "";
			projectRoot = "";
			targets = (
				295FA80F2A985D3500B35C54 /* NeteaseTVDemo */,
			);
		};
/* End PBXProject section */

/* Begin PBXResourcesBuildPhase section */
		295FA80E2A985D3500B35C54 /* Resources */ = {
			isa = PBXResourcesBuildPhase;
			buildActionMask = 2147483647;
			files = (
				295FA81E2A985D3600B35C54 /* LaunchScreen.storyboard in Resources */,
				295FA81B2A985D3600B35C54 /* Assets.xcassets in Resources */,
				295FA8192A985D3500B35C54 /* Main.storyboard in Resources */,
			);
			runOnlyForDeploymentPostprocessing = 0;
		};
/* End PBXResourcesBuildPhase section */

/* Begin PBXSourcesBuildPhase section */
		295FA80C2A985D3500B35C54 /* Sources */ = {
			isa = PBXSourcesBuildPhase;
			buildActionMask = 2147483647;
			files = (
				295FA8292A985D5100B35C54 /* WKPlayerStateModel.swift in Sources */,
				295FA8282A985D5100B35C54 /* WKPlayerSettings.swift in Sources */,
				295FA82A2A985D5100B35C54 /* WKPlayer.swift in Sources */,
				295FA8162A985D3500B35C54 /* ViewController.swift in Sources */,
				295FA8142A985D3500B35C54 /* AppDelegate.swift in Sources */,
			);
			runOnlyForDeploymentPostprocessing = 0;
		};
/* End PBXSourcesBuildPhase section */

/* Begin PBXVariantGroup section */
		295FA8172A985D3500B35C54 /* Main.storyboard */ = {
			isa = PBXVariantGroup;
			children = (
				295FA8182A985D3500B35C54 /* Base */,
			);
			name = Main.storyboard;
			sourceTree = "<group>";
		};
		295FA81C2A985D3600B35C54 /* LaunchScreen.storyboard */ = {
			isa = PBXVariantGroup;
			children = (
				295FA81D2A985D3600B35C54 /* Base */,
			);
			name = LaunchScreen.storyboard;
			sourceTree = "<group>";
		};
/* End PBXVariantGroup section */

/* Begin XCBuildConfiguration section */
		295FA81F2A985D3600B35C54 /* Debug */ = {
			isa = XCBuildConfiguration;
			buildSettings = {
				ALWAYS_SEARCH_USER_PATHS = NO;
				CLANG_ANALYZER_NONNULL = YES;
				CLANG_ANALYZER_NUMBER_OBJECT_CONVERSION = YES_AGGRESSIVE;
				CLANG_CXX_LANGUAGE_STANDARD = "gnu++20";
				CLANG_ENABLE_MODULES = YES;
				CLANG_ENABLE_OBJC_ARC = YES;
				CLANG_ENABLE_OBJC_WEAK = YES;
				CLANG_WARN_BLOCK_CAPTURE_AUTORELEASING = YES;
				CLANG_WARN_BOOL_CONVERSION = YES;
				CLANG_WARN_COMMA = YES;
				CLANG_WARN_CONSTANT_CONVERSION = YES;
				CLANG_WARN_DEPRECATED_OBJC_IMPLEMENTATIONS = YES;
				CLANG_WARN_DIRECT_OBJC_ISA_USAGE = YES_ERROR;
				CLANG_WARN_DOCUMENTATION_COMMENTS = YES;
				CLANG_WARN_EMPTY_BODY = YES;
				CLANG_WARN_ENUM_CONVERSION = YES;
				CLANG_WARN_INFINITE_RECURSION = YES;
				CLANG_WARN_INT_CONVERSION = YES;
				CLANG_WARN_NON_LITERAL_NULL_CONVERSION = YES;
				CLANG_WARN_OBJC_IMPLICIT_RETAIN_SELF = YES;
				CLANG_WARN_OBJC_LITERAL_CONVERSION = YES;
				CLANG_WARN_OBJC_ROOT_CLASS = YES_ERROR;
				CLANG_WARN_QUOTED_INCLUDE_IN_FRAMEWORK_HEADER = YES;
				CLANG_WARN_RANGE_LOOP_ANALYSIS = YES;
				CLANG_WARN_STRICT_PROTOTYPES = YES;
				CLANG_WARN_SUSPICIOUS_MOVE = YES;
				CLANG_WARN_UNGUARDED_AVAILABILITY = YES_AGGRESSIVE;
				CLANG_WARN_UNREACHABLE_CODE = YES;
				CLANG_WARN__DUPLICATE_METHOD_MATCH = YES;
				COPY_PHASE_STRIP = NO;
				DEBUG_INFORMATION_FORMAT = dwarf;
				ENABLE_STRICT_OBJC_MSGSEND = YES;
				ENABLE_TESTABILITY = YES;
				GCC_C_LANGUAGE_STANDARD = gnu11;
				GCC_DYNAMIC_NO_PIC = NO;
				GCC_NO_COMMON_BLOCKS = YES;
				GCC_OPTIMIZATION_LEVEL = 0;
				GCC_PREPROCESSOR_DEFINITIONS = (
					"DEBUG=1",
					"$(inherited)",
				);
				GCC_WARN_64_TO_32_BIT_CONVERSION = YES;
				GCC_WARN_ABOUT_RETURN_TYPE = YES_ERROR;
				GCC_WARN_UNDECLARED_SELECTOR = YES;
				GCC_WARN_UNINITIALIZED_AUTOS = YES_AGGRESSIVE;
				GCC_WARN_UNUSED_FUNCTION = YES;
				GCC_WARN_UNUSED_VARIABLE = YES;
				MTL_ENABLE_DEBUG_INFO = INCLUDE_SOURCE;
				MTL_FAST_MATH = YES;
				ONLY_ACTIVE_ARCH = YES;
				SDKROOT = appletvos;
				SWIFT_ACTIVE_COMPILATION_CONDITIONS = DEBUG;
				SWIFT_OPTIMIZATION_LEVEL = "-Onone";
				TVOS_DEPLOYMENT_TARGET = 16.1;
			};
			name = Debug;
		};
		295FA8202A985D3600B35C54 /* Release */ = {
			isa = XCBuildConfiguration;
			buildSettings = {
				ALWAYS_SEARCH_USER_PATHS = NO;
				CLANG_ANALYZER_NONNULL = YES;
				CLANG_ANALYZER_NUMBER_OBJECT_CONVERSION = YES_AGGRESSIVE;
				CLANG_CXX_LANGUAGE_STANDARD = "gnu++20";
				CLANG_ENABLE_MODULES = YES;
				CLANG_ENABLE_OBJC_ARC = YES;
				CLANG_ENABLE_OBJC_WEAK = YES;
				CLANG_WARN_BLOCK_CAPTURE_AUTORELEASING = YES;
				CLANG_WARN_BOOL_CONVERSION = YES;
				CLANG_WARN_COMMA = YES;
				CLANG_WARN_CONSTANT_CONVERSION = YES;
				CLANG_WARN_DEPRECATED_OBJC_IMPLEMENTATIONS = YES;
				CLANG_WARN_DIRECT_OBJC_ISA_USAGE = YES_ERROR;
				CLANG_WARN_DOCUMENTATION_COMMENTS = YES;
				CLANG_WARN_EMPTY_BODY = YES;
				CLANG_WARN_ENUM_CONVERSION = YES;
				CLANG_WARN_INFINITE_RECURSION = YES;
				CLANG_WARN_INT_CONVERSION = YES;
				CLANG_WARN_NON_LITERAL_NULL_CONVERSION = YES;
				CLANG_WARN_OBJC_IMPLICIT_RETAIN_SELF = YES;
				CLANG_WARN_OBJC_LITERAL_CONVERSION = YES;
				CLANG_WARN_OBJC_ROOT_CLASS = YES_ERROR;
				CLANG_WARN_QUOTED_INCLUDE_IN_FRAMEWORK_HEADER = YES;
				CLANG_WARN_RANGE_LOOP_ANALYSIS = YES;
				CLANG_WARN_STRICT_PROTOTYPES = YES;
				CLANG_WARN_SUSPICIOUS_MOVE = YES;
				CLANG_WARN_UNGUARDED_AVAILABILITY = YES_AGGRESSIVE;
				CLANG_WARN_UNREACHABLE_CODE = YES;
				CLANG_WARN__DUPLICATE_METHOD_MATCH = YES;
				COPY_PHASE_STRIP = NO;
				DEBUG_INFORMATION_FORMAT = "dwarf-with-dsym";
				ENABLE_NS_ASSERTIONS = NO;
				ENABLE_STRICT_OBJC_MSGSEND = YES;
				GCC_C_LANGUAGE_STANDARD = gnu11;
				GCC_NO_COMMON_BLOCKS = YES;
				GCC_WARN_64_TO_32_BIT_CONVERSION = YES;
				GCC_WARN_ABOUT_RETURN_TYPE = YES_ERROR;
				GCC_WARN_UNDECLARED_SELECTOR = YES;
				GCC_WARN_UNINITIALIZED_AUTOS = YES_AGGRESSIVE;
				GCC_WARN_UNUSED_FUNCTION = YES;
				GCC_WARN_UNUSED_VARIABLE = YES;
				MTL_ENABLE_DEBUG_INFO = NO;
				MTL_FAST_MATH = YES;
				SDKROOT = appletvos;
				SWIFT_COMPILATION_MODE = wholemodule;
				SWIFT_OPTIMIZATION_LEVEL = "-O";
				TVOS_DEPLOYMENT_TARGET = 16.1;
				VALIDATE_PRODUCT = YES;
			};
			name = Release;
		};
		295FA8222A985D3600B35C54 /* Debug */ = {
			isa = XCBuildConfiguration;
			buildSettings = {
				ASSETCATALOG_COMPILER_APPICON_NAME = "App Icon & Top Shelf Image";
				ASSETCATALOG_COMPILER_GLOBAL_ACCENT_COLOR_NAME = AccentColor;
				CODE_SIGN_STYLE = Automatic;
				CURRENT_PROJECT_VERSION = 1;
				GENERATE_INFOPLIST_FILE = YES;
				INFOPLIST_KEY_UILaunchStoryboardName = LaunchScreen;
				INFOPLIST_KEY_UIMainStoryboardFile = Main;
				INFOPLIST_KEY_UIUserInterfaceStyle = Automatic;
				LD_RUNPATH_SEARCH_PATHS = (
					"$(inherited)",
					"@executable_path/Frameworks",
				);
				MARKETING_VERSION = 1.0;
				PRODUCT_BUNDLE_IDENTIFIER = com.wk.NeteaseTVDemo;
				PRODUCT_NAME = "$(TARGET_NAME)";
				SWIFT_EMIT_LOC_STRINGS = YES;
				SWIFT_VERSION = 5.0;
				TARGETED_DEVICE_FAMILY = 3;
			};
			name = Debug;
		};
		295FA8232A985D3600B35C54 /* Release */ = {
			isa = XCBuildConfiguration;
			buildSettings = {
				ASSETCATALOG_COMPILER_APPICON_NAME = "App Icon & Top Shelf Image";
				ASSETCATALOG_COMPILER_GLOBAL_ACCENT_COLOR_NAME = AccentColor;
				CODE_SIGN_STYLE = Automatic;
				CURRENT_PROJECT_VERSION = 1;
				GENERATE_INFOPLIST_FILE = YES;
				INFOPLIST_KEY_UILaunchStoryboardName = LaunchScreen;
				INFOPLIST_KEY_UIMainStoryboardFile = Main;
				INFOPLIST_KEY_UIUserInterfaceStyle = Automatic;
				LD_RUNPATH_SEARCH_PATHS = (
					"$(inherited)",
					"@executable_path/Frameworks",
				);
				MARKETING_VERSION = 1.0;
				PRODUCT_BUNDLE_IDENTIFIER = com.wk.NeteaseTVDemo;
				PRODUCT_NAME = "$(TARGET_NAME)";
				SWIFT_EMIT_LOC_STRINGS = YES;
				SWIFT_VERSION = 5.0;
				TARGETED_DEVICE_FAMILY = 3;
			};
			name = Release;
		};
/* End XCBuildConfiguration section */

/* Begin XCConfigurationList section */
		295FA80B2A985D3500B35C54 /* Build configuration list for PBXProject "NeteaseTVDemo" */ = {
			isa = XCConfigurationList;
			buildConfigurations = (
				295FA81F2A985D3600B35C54 /* Debug */,
				295FA8202A985D3600B35C54 /* Release */,
			);
			defaultConfigurationIsVisible = 0;
			defaultConfigurationName = Release;
		};
		295FA8212A985D3600B35C54 /* Build configuration list for PBXNativeTarget "NeteaseTVDemo" */ = {
			isa = XCConfigurationList;
			buildConfigurations = (
				295FA8222A985D3600B35C54 /* Debug */,
				295FA8232A985D3600B35C54 /* Release */,
			);
			defaultConfigurationIsVisible = 0;
			defaultConfigurationName = Release;
		};
/* End XCConfigurationList section */
	};
	rootObject = 295FA8082A985D3500B35C54 /* Project object */;
}
