// !$*UTF8*$!
{
	archiveVersion = 1;
	classes = {
	};
	objectVersion = 56;
	objects = {

/* Begin PBXBuildFile section */
		2906FBE22ABD32C6004E5069 /* FSPagerView.swift in Sources */ = {isa = PBXBuildFile; fileRef = 2906FBD92ABD32C6004E5069 /* FSPagerView.swift */; };
		2906FBE32ABD32C6004E5069 /* FSPageViewTransformer.swift in Sources */ = {isa = PBXBuildFile; fileRef = 2906FBDA2ABD32C6004E5069 /* FSPageViewTransformer.swift */; };
		2906FBE42ABD32C6004E5069 /* FSPagerViewCell.swift in Sources */ = {isa = PBXBuildFile; fileRef = 2906FBDC2ABD32C6004E5069 /* FSPagerViewCell.swift */; };
		2906FBE52ABD32C6004E5069 /* FSPagerViewLayoutAttributes.swift in Sources */ = {isa = PBXBuildFile; fileRef = 2906FBDD2ABD32C6004E5069 /* FSPagerViewLayoutAttributes.swift */; };
		2906FBE62ABD32C6004E5069 /* FSPageViewLayout.swift in Sources */ = {isa = PBXBuildFile; fileRef = 2906FBDE2ABD32C6004E5069 /* FSPageViewLayout.swift */; };
		2906FBE72ABD32C6004E5069 /* FSPageControl.swift in Sources */ = {isa = PBXBuildFile; fileRef = 2906FBDF2ABD32C6004E5069 /* FSPageControl.swift */; };
		2906FBE82ABD32C6004E5069 /* FSPagerViewObjcCompat.m in Sources */ = {isa = PBXBuildFile; fileRef = 2906FBE02ABD32C6004E5069 /* FSPagerViewObjcCompat.m */; };
		2906FBE92ABD32C6004E5069 /* FSPagerCollectionView.swift in Sources */ = {isa = PBXBuildFile; fileRef = 2906FBE12ABD32C6004E5069 /* FSPagerCollectionView.swift */; };
		292CB8A42B3E688E000F63A1 /* WKSongCollectionVC.swift in Sources */ = {isa = PBXBuildFile; fileRef = 292CB8A32B3E688E000F63A1 /* WKSongCollectionVC.swift */; };
		293F74F62ADF643D00692091 /* WKSongListViewController.swift in Sources */ = {isa = PBXBuildFile; fileRef = 293F74F52ADF643D00692091 /* WKSongListViewController.swift */; };
		293F74F92ADF66F500692091 /* WKSongTableViewCell.swift in Sources */ = {isa = PBXBuildFile; fileRef = 293F74F72ADF66F500692091 /* WKSongTableViewCell.swift */; };
		293F74FD2ADF7EBB00692091 /* WKSingerDetailAlbumListVC.swift in Sources */ = {isa = PBXBuildFile; fileRef = 293F74FC2ADF7EBB00692091 /* WKSingerDetailAlbumListVC.swift */; };
		293F75012ADF884900692091 /* WKSingerMVListVC.swift in Sources */ = {isa = PBXBuildFile; fileRef = 293F75002ADF884900692091 /* WKSingerMVListVC.swift */; };
		293F75032ADF88D200692091 /* WKMVCollectionViewCell.swift in Sources */ = {isa = PBXBuildFile; fileRef = 293F75022ADF88D200692091 /* WKMVCollectionViewCell.swift */; };
		2944A9382AC12EC800FD4F52 /* WKSlider.swift in Sources */ = {isa = PBXBuildFile; fileRef = 2944A9372AC12EC800FD4F52 /* WKSlider.swift */; };
		2944A93B2AC15EFA00FD4F52 /* WKPlayListDetailViewController.swift in Sources */ = {isa = PBXBuildFile; fileRef = 2944A9392AC15EFA00FD4F52 /* WKPlayListDetailViewController.swift */; };
		2944A93E2AC1644A00FD4F52 /* WKAlbumDetailViewController.swift in Sources */ = {isa = PBXBuildFile; fileRef = 2944A93D2AC1644A00FD4F52 /* WKAlbumDetailViewController.swift */; };
		2944A9402AC16F3F00FD4F52 /* WKDescView.swift in Sources */ = {isa = PBXBuildFile; fileRef = 2944A93F2AC16F3F00FD4F52 /* WKDescView.swift */; };
		2944A9442AC3B96F00FD4F52 /* WKPlayListCollectionViewCell.swift in Sources */ = {isa = PBXBuildFile; fileRef = 2944A9432AC3B96F00FD4F52 /* WKPlayListCollectionViewCell.swift */; };
		294B84432BAAC73600CB2995 /* ColorfulX in Frameworks */ = {isa = PBXBuildFile; productRef = 294B84422BAAC73600CB2995 /* ColorfulX */; };
		29507BA72B1815AB0093D8BB /* WKInputViewController.swift in Sources */ = {isa = PBXBuildFile; fileRef = 29507BA62B1815AB0093D8BB /* WKInputViewController.swift */; };
		295E48D02AE1056600C259D2 /* UIViewController+Extension.swift in Sources */ = {isa = PBXBuildFile; fileRef = 295E48CF2AE1056600C259D2 /* UIViewController+Extension.swift */; };
		295E48D92AE2218800C259D2 /* WKBrowserViewController.m in Sources */ = {isa = PBXBuildFile; fileRef = 295E48D82AE2218800C259D2 /* WKBrowserViewController.m */; };
		295E48E42AE223E500C259D2 /* menu-button.png in Resources */ = {isa = PBXBuildFile; fileRef = 295E48DC2AE223E500C259D2 /* menu-button.png */; };
		295E48E52AE223E500C259D2 /* resize-arrows.png in Resources */ = {isa = PBXBuildFile; fileRef = 295E48DD2AE223E500C259D2 /* resize-arrows.png */; };
		295E48E62AE223E500C259D2 /* menu-2.png in Resources */ = {isa = PBXBuildFile; fileRef = 295E48DE2AE223E500C259D2 /* menu-2.png */; };
		295E48E72AE223E500C259D2 /* right-arrow-forward.png in Resources */ = {isa = PBXBuildFile; fileRef = 295E48DF2AE223E500C259D2 /* right-arrow-forward.png */; };
		295E48E82AE223E500C259D2 /* house-outline.png in Resources */ = {isa = PBXBuildFile; fileRef = 295E48E02AE223E500C259D2 /* house-outline.png */; };
		295E48E92AE223E500C259D2 /* go-back-left-arrow.png in Resources */ = {isa = PBXBuildFile; fileRef = 295E48E12AE223E500C259D2 /* go-back-left-arrow.png */; };
		295E48EA2AE223E500C259D2 /* refresh-button.png in Resources */ = {isa = PBXBuildFile; fileRef = 295E48E22AE223E500C259D2 /* refresh-button.png */; };
		295E48EB2AE223E500C259D2 /* maximize-2.png in Resources */ = {isa = PBXBuildFile; fileRef = 295E48E32AE223E500C259D2 /* maximize-2.png */; };
		295E48ED2AE355EF00C259D2 /* WKMVViewController.swift in Sources */ = {isa = PBXBuildFile; fileRef = 295E48EC2AE355EF00C259D2 /* WKMVViewController.swift */; };
		295E48EF2AE3AEAD00C259D2 /* WKProfileHeader.swift in Sources */ = {isa = PBXBuildFile; fileRef = 295E48EE2AE3AEAD00C259D2 /* WKProfileHeader.swift */; };
		295E48F12AE3AF5400C259D2 /* WKAvatarView.swift in Sources */ = {isa = PBXBuildFile; fileRef = 295E48F02AE3AF5400C259D2 /* WKAvatarView.swift */; };
		295FA8142A985D3500B35C54 /* AppDelegate.swift in Sources */ = {isa = PBXBuildFile; fileRef = 295FA8132A985D3500B35C54 /* AppDelegate.swift */; };
		295FA8162A985D3500B35C54 /* ViewController.swift in Sources */ = {isa = PBXBuildFile; fileRef = 295FA8152A985D3500B35C54 /* ViewController.swift */; };
		295FA8192A985D3500B35C54 /* Main.storyboard in Resources */ = {isa = PBXBuildFile; fileRef = 295FA8172A985D3500B35C54 /* Main.storyboard */; };
		295FA81B2A985D3600B35C54 /* Assets.xcassets in Resources */ = {isa = PBXBuildFile; fileRef = 295FA81A2A985D3600B35C54 /* Assets.xcassets */; };
		295FA81E2A985D3600B35C54 /* LaunchScreen.storyboard in Resources */ = {isa = PBXBuildFile; fileRef = 295FA81C2A985D3600B35C54 /* LaunchScreen.storyboard */; };
		295FA8282A985D5100B35C54 /* WKPlayerSettings.swift in Sources */ = {isa = PBXBuildFile; fileRef = 295FA8252A985D5100B35C54 /* WKPlayerSettings.swift */; };
		295FA8292A985D5100B35C54 /* WKPlayerStateModel.swift in Sources */ = {isa = PBXBuildFile; fileRef = 295FA8262A985D5100B35C54 /* WKPlayerStateModel.swift */; };
		295FA82A2A985D5100B35C54 /* WKPlayer.swift in Sources */ = {isa = PBXBuildFile; fileRef = 295FA8272A985D5100B35C54 /* WKPlayer.swift */; };
		2969156C2AE645E100ED9298 /* WKRecentPlayViewController.swift in Sources */ = {isa = PBXBuildFile; fileRef = 2969156B2AE645E100ED9298 /* WKRecentPlayViewController.swift */; };
		2969156E2AE649A900ED9298 /* WKRecentSongListVC.swift in Sources */ = {isa = PBXBuildFile; fileRef = 2969156D2AE649A900ED9298 /* WKRecentSongListVC.swift */; };
		296915702AE753B300ED9298 /* WKRencentVoiceListVC.swift in Sources */ = {isa = PBXBuildFile; fileRef = 2969156F2AE753B300ED9298 /* WKRencentVoiceListVC.swift */; };
		296915722AE75A0C00ED9298 /* WKRencentPlaylistVC.swift in Sources */ = {isa = PBXBuildFile; fileRef = 296915712AE75A0C00ED9298 /* WKRencentPlaylistVC.swift */; };
		296915742AE764E000ED9298 /* WKRecentAlbumListVC.swift in Sources */ = {isa = PBXBuildFile; fileRef = 296915732AE764E000ED9298 /* WKRecentAlbumListVC.swift */; };
		296915762AE7915500ED9298 /* WKRecentVideoVC.swift in Sources */ = {isa = PBXBuildFile; fileRef = 296915752AE7915500ED9298 /* WKRecentVideoVC.swift */; };
		296915782AE7961600ED9298 /* WKRecentPodcastListVC.swift in Sources */ = {isa = PBXBuildFile; fileRef = 296915772AE7961600ED9298 /* WKRecentPodcastListVC.swift */; };
		2969157A2AE89E5E00ED9298 /* WKPlayingViewController.swift in Sources */ = {isa = PBXBuildFile; fileRef = 296915792AE89E5E00ED9298 /* WKPlayingViewController.swift */; };
		2969157C2AEF48A900ED9298 /* WKMyCollectionVC.swift in Sources */ = {isa = PBXBuildFile; fileRef = 2969157B2AEF48A900ED9298 /* WKMyCollectionVC.swift */; };
		2969157E2AEF4E5C00ED9298 /* WKMyCollectionPlaylistVC.swift in Sources */ = {isa = PBXBuildFile; fileRef = 2969157D2AEF4E5C00ED9298 /* WKMyCollectionPlaylistVC.swift */; };
		296915802AEF804000ED9298 /* WKMyPlaylistViewController.swift in Sources */ = {isa = PBXBuildFile; fileRef = 2969157F2AEF804000ED9298 /* WKMyPlaylistViewController.swift */; };
		296915822AEF82A200ED9298 /* WKSettingViewController.swift in Sources */ = {isa = PBXBuildFile; fileRef = 296915812AEF82A200ED9298 /* WKSettingViewController.swift */; };
		296915842AEF84FD00ED9298 /* Settings.swift in Sources */ = {isa = PBXBuildFile; fileRef = 296915832AEF84FD00ED9298 /* Settings.swift */; };
		296915862AEF90B200ED9298 /* WKMyCollectionAlbumVC.swift in Sources */ = {isa = PBXBuildFile; fileRef = 296915852AEF90B200ED9298 /* WKMyCollectionAlbumVC.swift */; };
		296915882AEF923800ED9298 /* WKMyCollectionPodcastVC.swift in Sources */ = {isa = PBXBuildFile; fileRef = 296915872AEF923800ED9298 /* WKMyCollectionPodcastVC.swift */; };
		2969158C2AF246A300ED9298 /* WKAboutViewController.swift in Sources */ = {isa = PBXBuildFile; fileRef = 2969158B2AF246A300ED9298 /* WKAboutViewController.swift */; };
		297F2E092AD8CD3B002F4F24 /* WKPodcastDetailViewController.swift in Sources */ = {isa = PBXBuildFile; fileRef = 297F2E082AD8CD3B002F4F24 /* WKPodcastDetailViewController.swift */; };
		297F2E0C2AD8E50F002F4F24 /* UserDefault+.swift in Sources */ = {isa = PBXBuildFile; fileRef = 297F2E0B2AD8E50F002F4F24 /* UserDefault+.swift */; };
		297F2E0E2AD8E6B6002F4F24 /* WKUserModel.swift in Sources */ = {isa = PBXBuildFile; fileRef = 297F2E0D2AD8E6B6002F4F24 /* WKUserModel.swift */; };
		297F2E112AD91507002F4F24 /* WKProfileViewController.swift in Sources */ = {isa = PBXBuildFile; fileRef = 297F2E102AD91507002F4F24 /* WKProfileViewController.swift */; };
		297F2E142AD9383E002F4F24 /* WKSearchViewController.swift in Sources */ = {isa = PBXBuildFile; fileRef = 297F2E132AD9383E002F4F24 /* WKSearchViewController.swift */; };
		297F2E192ADA3D66002F4F24 /* WKSearchResultViewController.swift in Sources */ = {isa = PBXBuildFile; fileRef = 297F2E182ADA3D66002F4F24 /* WKSearchResultViewController.swift */; };
		297F2E1B2ADA74C8002F4F24 /* WKSegmentCell.swift in Sources */ = {isa = PBXBuildFile; fileRef = 297F2E1A2ADA74C8002F4F24 /* WKSegmentCell.swift */; };
		297F2E1D2ADA7DC9002F4F24 /* WKSearchTypeModel.swift in Sources */ = {isa = PBXBuildFile; fileRef = 297F2E1C2ADA7DC9002F4F24 /* WKSearchTypeModel.swift */; };
		2986B2EC2AB3F3C4002BC0CC /* WKTabBarViewController.swift in Sources */ = {isa = PBXBuildFile; fileRef = 2986B2EB2AB3F3C4002BC0CC /* WKTabBarViewController.swift */; };
		2986B2EE2AB3F418002BC0CC /* WKRecommendViewController.swift in Sources */ = {isa = PBXBuildFile; fileRef = 2986B2ED2AB3F418002BC0CC /* WKRecommendViewController.swift */; };
		2986B2F02AB42E54002BC0CC /* WKPlayListTableViewCell.swift in Sources */ = {isa = PBXBuildFile; fileRef = 2986B2EF2AB42E54002BC0CC /* WKPlayListTableViewCell.swift */; };
		299458052B3AC7BE0015616E /* WKAccountCell.swift in Sources */ = {isa = PBXBuildFile; fileRef = 299458032B3AC7BE0015616E /* WKAccountCell.swift */; };
		299458062B3AC7BE0015616E /* WKSwitchAccountVC.swift in Sources */ = {isa = PBXBuildFile; fileRef = 299458042B3AC7BE0015616E /* WKSwitchAccountVC.swift */; };
		29A1D6FF2AD4E3E1005EAFC0 /* WKLoginViewController.swift in Sources */ = {isa = PBXBuildFile; fileRef = 29A1D6FE2AD4E3E1005EAFC0 /* WKLoginViewController.swift */; };
		29A1D7012AD4ED8E005EAFC0 /* EFQRCode in Frameworks */ = {isa = PBXBuildFile; productRef = 29A1D7002AD4ED8E005EAFC0 /* EFQRCode */; };
		29A1D7042AD647E8005EAFC0 /* WKFindViewController.swift in Sources */ = {isa = PBXBuildFile; fileRef = 29A1D7032AD647E8005EAFC0 /* WKFindViewController.swift */; };
		29A1D7062AD65294005EAFC0 /* WKFindModel.swift in Sources */ = {isa = PBXBuildFile; fileRef = 29A1D7052AD65294005EAFC0 /* WKFindModel.swift */; };
		29A1D7092AD78721005EAFC0 /* WKPodcastViewController.swift in Sources */ = {isa = PBXBuildFile; fileRef = 29A1D7082AD78721005EAFC0 /* WKPodcastViewController.swift */; };
		29C865692AC415CA00AB008A /* WKSingleSongView.swift in Sources */ = {isa = PBXBuildFile; fileRef = 29C865682AC415CA00AB008A /* WKSingleSongView.swift */; };
		29D6ADBE2B27EAAC00BC3695 /* WKMyCollectionMVVC.swift in Sources */ = {isa = PBXBuildFile; fileRef = 29D6ADBD2B27EAAC00BC3695 /* WKMyCollectionMVVC.swift */; };
		29DC0E3B2AD104F000DD314A /* WKUserCollectionViewCell.swift in Sources */ = {isa = PBXBuildFile; fileRef = 29DC0E3A2AD104F000DD314A /* WKUserCollectionViewCell.swift */; };
		29DC0E3D2AD252AD00DD314A /* WKRecommendPlaylistVC.swift in Sources */ = {isa = PBXBuildFile; fileRef = 29DC0E3C2AD252AD00DD314A /* WKRecommendPlaylistVC.swift */; };
		29DC0E3F2AD27D4500DD314A /* WKDescViewController.swift in Sources */ = {isa = PBXBuildFile; fileRef = 29DC0E3E2AD27D4500DD314A /* WKDescViewController.swift */; };
		29E033E82ADE2766002A4B37 /* WKSingerDetailViewController.swift in Sources */ = {isa = PBXBuildFile; fileRef = 29E033E72ADE2766002A4B37 /* WKSingerDetailViewController.swift */; };
		29E372B92AE5FD2C00CF7CA3 /* String+Extension.swift in Sources */ = {isa = PBXBuildFile; fileRef = 29E372B82AE5FD2C00CF7CA3 /* String+Extension.swift */; };
		29E96A1C2B21B997003AB1E7 /* WKMyCloudSongVC.swift in Sources */ = {isa = PBXBuildFile; fileRef = 29E96A1B2B21B997003AB1E7 /* WKMyCloudSongVC.swift */; };
		29E96A242B244947003AB1E7 /* WKMoreView.swift in Sources */ = {isa = PBXBuildFile; fileRef = 29E96A232B244947003AB1E7 /* WKMoreView.swift */; };
		29E96A262B26992E003AB1E7 /* WKDailySongsViewController.swift in Sources */ = {isa = PBXBuildFile; fileRef = 29E96A252B26992E003AB1E7 /* WKDailySongsViewController.swift */; };
		29E96A282B26A370003AB1E7 /* WKSongCollectionViewCell.swift in Sources */ = {isa = PBXBuildFile; fileRef = 29E96A272B26A370003AB1E7 /* WKSongCollectionViewCell.swift */; };
		29EBE67C2ADFA8E20023E9C7 /* WKVideoViewController.swift in Sources */ = {isa = PBXBuildFile; fileRef = 29EBE67B2ADFA8E20023E9C7 /* WKVideoViewController.swift */; };
		29EBE67E2ADFB5900023E9C7 /* Int+Extension.swift in Sources */ = {isa = PBXBuildFile; fileRef = 29EBE67D2ADFB5900023E9C7 /* Int+Extension.swift */; };
		29F2F5FA2AB0113F00E2F389 /* Kingfisher in Frameworks */ = {isa = PBXBuildFile; productRef = 29F2F5F92AB0113F00E2F389 /* Kingfisher */; };
		29F2F6182AB18A0E00E2F389 /* NeteaseRequest in Frameworks */ = {isa = PBXBuildFile; productRef = 29F2F6172AB18A0E00E2F389 /* NeteaseRequest */; };
		29F2F61A2AB18A9900E2F389 /* WKConfig.swift in Sources */ = {isa = PBXBuildFile; fileRef = 29F2F6192AB18A9900E2F389 /* WKConfig.swift */; };
		29F2F6202AB190CB00E2F389 /* WKLyricTableViewCell.swift in Sources */ = {isa = PBXBuildFile; fileRef = 29F2F61F2AB190CB00E2F389 /* WKLyricTableViewCell.swift */; };
		29F2F6292AB1935600E2F389 /* SnapKit in Frameworks */ = {isa = PBXBuildFile; productRef = 29F2F6282AB1935600E2F389 /* SnapKit */; };
		29F2F62C2AB1A83600E2F389 /* MarqueeLabel in Frameworks */ = {isa = PBXBuildFile; productRef = 29F2F62B2AB1A83600E2F389 /* MarqueeLabel */; };
		29FAC7582AFC6A9B00FEA7C0 /* WKCommentViewController.swift in Sources */ = {isa = PBXBuildFile; fileRef = 29FAC7572AFC6A9B00FEA7C0 /* WKCommentViewController.swift */; };
		29FAC75A2AFC7D3B00FEA7C0 /* WKCommentTableViewCell.swift in Sources */ = {isa = PBXBuildFile; fileRef = 29FAC7592AFC7D3B00FEA7C0 /* WKCommentTableViewCell.swift */; };
		50C9DA292CCD9A6800C7CC6B /* NodeMobile.xcframework in Frameworks */ = {isa = PBXBuildFile; fileRef = 50C9DA282CCD9A6800C7CC6B /* NodeMobile.xcframework */; };
		50C9DA2B2CCD9A6D00C7CC6B /* Service.zip in Resources */ = {isa = PBXBuildFile; fileRef = 50C9DA2A2CCD9A6D00C7CC6B /* Service.zip */; };
		50C9DA302CCD9A7700C7CC6B /* ApiService+Server.swift in Sources */ = {isa = PBXBuildFile; fileRef = 50C9DA2D2CCD9A7700C7CC6B /* ApiService+Server.swift */; };
		50C9DA312CCD9A7700C7CC6B /* ApiService+Source.swift in Sources */ = {isa = PBXBuildFile; fileRef = 50C9DA2E2CCD9A7700C7CC6B /* ApiService+Source.swift */; };
		50C9DA322CCD9A7700C7CC6B /* ApiService.swift in Sources */ = {isa = PBXBuildFile; fileRef = 50C9DA2C2CCD9A7700C7CC6B /* ApiService.swift */; };
		50C9DA352CCD9B7200C7CC6B /* main.swift in Sources */ = {isa = PBXBuildFile; fileRef = 50C9DA342CCD9B7200C7CC6B /* main.swift */; };
		50C9DA3C2CCD9BB300C7CC6B /* ZipArchive in Frameworks */ = {isa = PBXBuildFile; productRef = 50C9DA3B2CCD9BB300C7CC6B /* ZipArchive */; };
		50C9DA3D2CCD9C3200C7CC6B /* NodeMobile.xcframework in Frameworks */ = {isa = PBXBuildFile; fileRef = 50C9DA282CCD9A6800C7CC6B /* NodeMobile.xcframework */; };
		50C9DA3E2CCD9C3200C7CC6B /* NodeMobile.xcframework in Embed Frameworks */ = {isa = PBXBuildFile; fileRef = 50C9DA282CCD9A6800C7CC6B /* NodeMobile.xcframework */; settings = {ATTRIBUTES = (CodeSignOnCopy, RemoveHeadersOnCopy, ); }; };
		981777812B36DA3D004F124A /* WKRemoteCommandManager.swift in Sources */ = {isa = PBXBuildFile; fileRef = 981777802B36DA3D004F124A /* WKRemoteCommandManager.swift */; };
		98B8C9C42B34A46500CD0F76 /* WKNowPlayingInfo.swift in Sources */ = {isa = PBXBuildFile; fileRef = 98B8C9C12B34A46500CD0F76 /* WKNowPlayingInfo.swift */; };
		98C0EFB12B29F28F005B176F /* TVServices.framework in Frameworks */ = {isa = PBXBuildFile; fileRef = 98C0EFB02B29F28F005B176F /* TVServices.framework */; };
		98C0EFB42B29F28F005B176F /* ContentProvider.swift in Sources */ = {isa = PBXBuildFile; fileRef = 98C0EFB32B29F28F005B176F /* ContentProvider.swift */; };
		98C0EFB82B29F28F005B176F /* TopShelf.appex in Embed Foundation Extensions */ = {isa = PBXBuildFile; fileRef = 98C0EFAF2B29F28F005B176F /* TopShelf.appex */; settings = {ATTRIBUTES = (RemoveHeadersOnCopy, ); }; };
		F40099DB2C5FC9F800F28A99 /* WKLyricProgressLabel.swift in Sources */ = {isa = PBXBuildFile; fileRef = F40099DA2C5FC9F800F28A99 /* WKLyricProgressLabel.swift */; };
		F4905DF52A98DD9D00C76905 /* WKPlayerTool.swift in Sources */ = {isa = PBXBuildFile; fileRef = F4905DF22A98DD9C00C76905 /* WKPlayerTool.swift */; };
		F4905DF62A98DD9D00C76905 /* WKCountdown.swift in Sources */ = {isa = PBXBuildFile; fileRef = F4905DF32A98DD9C00C76905 /* WKCountdown.swift */; };
		F4905DF72A98DD9D00C76905 /* WKPlayerError.swift in Sources */ = {isa = PBXBuildFile; fileRef = F4905DF42A98DD9C00C76905 /* WKPlayerError.swift */; };
		F4905DF92A98DDF700C76905 /* CustomAudioModel.swift in Sources */ = {isa = PBXBuildFile; fileRef = F4905DF82A98DDF700C76905 /* CustomAudioModel.swift */; };
/* End PBXBuildFile section */

/* Begin PBXContainerItemProxy section */
		98C0EFB62B29F28F005B176F /* PBXContainerItemProxy */ = {
			isa = PBXContainerItemProxy;
			containerPortal = 295FA8082A985D3500B35C54 /* Project object */;
			proxyType = 1;
			remoteGlobalIDString = 98C0EFAE2B29F28F005B176F;
			remoteInfo = TopShelf;
		};
/* End PBXContainerItemProxy section */

/* Begin PBXCopyFilesBuildPhase section */
		50C9DA382CCD9B9D00C7CC6B /* Embed Frameworks */ = {
			isa = PBXCopyFilesBuildPhase;
			buildActionMask = 2147483647;
			dstPath = "";
			dstSubfolderSpec = 10;
			files = (
			);
			name = "Embed Frameworks";
			runOnlyForDeploymentPostprocessing = 0;
		};
		50C9DA3F2CCD9C3200C7CC6B /* Embed Frameworks */ = {
			isa = PBXCopyFilesBuildPhase;
			buildActionMask = 2147483647;
			dstPath = "";
			dstSubfolderSpec = 10;
			files = (
				50C9DA3E2CCD9C3200C7CC6B /* NodeMobile.xcframework in Embed Frameworks */,
			);
			name = "Embed Frameworks";
			runOnlyForDeploymentPostprocessing = 0;
		};
		98C0EFB92B29F28F005B176F /* Embed Foundation Extensions */ = {
			isa = PBXCopyFilesBuildPhase;
			buildActionMask = 2147483647;
			dstPath = "";
			dstSubfolderSpec = 13;
			files = (
				98C0EFB82B29F28F005B176F /* TopShelf.appex in Embed Foundation Extensions */,
			);
			name = "Embed Foundation Extensions";
			runOnlyForDeploymentPostprocessing = 0;
		};
/* End PBXCopyFilesBuildPhase section */

/* Begin PBXFileReference section */
		2906FBD92ABD32C6004E5069 /* FSPagerView.swift */ = {isa = PBXFileReference; fileEncoding = 4; lastKnownFileType = sourcecode.swift; path = FSPagerView.swift; sourceTree = "<group>"; };
		2906FBDA2ABD32C6004E5069 /* FSPageViewTransformer.swift */ = {isa = PBXFileReference; fileEncoding = 4; lastKnownFileType = sourcecode.swift; path = FSPageViewTransformer.swift; sourceTree = "<group>"; };
		2906FBDB2ABD32C6004E5069 /* FSPagerViewObjcCompat.h */ = {isa = PBXFileReference; fileEncoding = 4; lastKnownFileType = sourcecode.c.h; path = FSPagerViewObjcCompat.h; sourceTree = "<group>"; };
		2906FBDC2ABD32C6004E5069 /* FSPagerViewCell.swift */ = {isa = PBXFileReference; fileEncoding = 4; lastKnownFileType = sourcecode.swift; path = FSPagerViewCell.swift; sourceTree = "<group>"; };
		2906FBDD2ABD32C6004E5069 /* FSPagerViewLayoutAttributes.swift */ = {isa = PBXFileReference; fileEncoding = 4; lastKnownFileType = sourcecode.swift; path = FSPagerViewLayoutAttributes.swift; sourceTree = "<group>"; };
		2906FBDE2ABD32C6004E5069 /* FSPageViewLayout.swift */ = {isa = PBXFileReference; fileEncoding = 4; lastKnownFileType = sourcecode.swift; path = FSPageViewLayout.swift; sourceTree = "<group>"; };
		2906FBDF2ABD32C6004E5069 /* FSPageControl.swift */ = {isa = PBXFileReference; fileEncoding = 4; lastKnownFileType = sourcecode.swift; path = FSPageControl.swift; sourceTree = "<group>"; };
		2906FBE02ABD32C6004E5069 /* FSPagerViewObjcCompat.m */ = {isa = PBXFileReference; fileEncoding = 4; lastKnownFileType = sourcecode.c.objc; path = FSPagerViewObjcCompat.m; sourceTree = "<group>"; };
		2906FBE12ABD32C6004E5069 /* FSPagerCollectionView.swift */ = {isa = PBXFileReference; fileEncoding = 4; lastKnownFileType = sourcecode.swift; path = FSPagerCollectionView.swift; sourceTree = "<group>"; };
		292CB8A32B3E688E000F63A1 /* WKSongCollectionVC.swift */ = {isa = PBXFileReference; lastKnownFileType = sourcecode.swift; path = WKSongCollectionVC.swift; sourceTree = "<group>"; };
		293F74F52ADF643D00692091 /* WKSongListViewController.swift */ = {isa = PBXFileReference; lastKnownFileType = sourcecode.swift; path = WKSongListViewController.swift; sourceTree = "<group>"; };
		293F74F72ADF66F500692091 /* WKSongTableViewCell.swift */ = {isa = PBXFileReference; lastKnownFileType = sourcecode.swift; path = WKSongTableViewCell.swift; sourceTree = "<group>"; };
		293F74FC2ADF7EBB00692091 /* WKSingerDetailAlbumListVC.swift */ = {isa = PBXFileReference; lastKnownFileType = sourcecode.swift; path = WKSingerDetailAlbumListVC.swift; sourceTree = "<group>"; };
		293F75002ADF884900692091 /* WKSingerMVListVC.swift */ = {isa = PBXFileReference; lastKnownFileType = sourcecode.swift; path = WKSingerMVListVC.swift; sourceTree = "<group>"; };
		293F75022ADF88D200692091 /* WKMVCollectionViewCell.swift */ = {isa = PBXFileReference; lastKnownFileType = sourcecode.swift; path = WKMVCollectionViewCell.swift; sourceTree = "<group>"; };
		2944A9372AC12EC800FD4F52 /* WKSlider.swift */ = {isa = PBXFileReference; lastKnownFileType = sourcecode.swift; path = WKSlider.swift; sourceTree = "<group>"; };
		2944A9392AC15EFA00FD4F52 /* WKPlayListDetailViewController.swift */ = {isa = PBXFileReference; lastKnownFileType = sourcecode.swift; path = WKPlayListDetailViewController.swift; sourceTree = "<group>"; };
		2944A93D2AC1644A00FD4F52 /* WKAlbumDetailViewController.swift */ = {isa = PBXFileReference; lastKnownFileType = sourcecode.swift; path = WKAlbumDetailViewController.swift; sourceTree = "<group>"; };
		2944A93F2AC16F3F00FD4F52 /* WKDescView.swift */ = {isa = PBXFileReference; lastKnownFileType = sourcecode.swift; path = WKDescView.swift; sourceTree = "<group>"; };
		2944A9432AC3B96F00FD4F52 /* WKPlayListCollectionViewCell.swift */ = {isa = PBXFileReference; lastKnownFileType = sourcecode.swift; path = WKPlayListCollectionViewCell.swift; sourceTree = "<group>"; };
		29507BA62B1815AB0093D8BB /* WKInputViewController.swift */ = {isa = PBXFileReference; lastKnownFileType = sourcecode.swift; path = WKInputViewController.swift; sourceTree = "<group>"; };
		295E48CF2AE1056600C259D2 /* UIViewController+Extension.swift */ = {isa = PBXFileReference; lastKnownFileType = sourcecode.swift; path = "UIViewController+Extension.swift"; sourceTree = "<group>"; };
		295E48D72AE2218800C259D2 /* WKBrowserViewController.h */ = {isa = PBXFileReference; fileEncoding = 4; lastKnownFileType = sourcecode.c.h; path = WKBrowserViewController.h; sourceTree = "<group>"; };
		295E48D82AE2218800C259D2 /* WKBrowserViewController.m */ = {isa = PBXFileReference; fileEncoding = 4; lastKnownFileType = sourcecode.c.objc; path = WKBrowserViewController.m; sourceTree = "<group>"; };
		295E48DA2AE221CA00C259D2 /* NeteaseTVDemo-Bridging-Header.h */ = {isa = PBXFileReference; lastKnownFileType = sourcecode.c.h; path = "NeteaseTVDemo-Bridging-Header.h"; sourceTree = "<group>"; };
		295E48DC2AE223E500C259D2 /* menu-button.png */ = {isa = PBXFileReference; lastKnownFileType = image.png; path = "menu-button.png"; sourceTree = "<group>"; };
		295E48DD2AE223E500C259D2 /* resize-arrows.png */ = {isa = PBXFileReference; lastKnownFileType = image.png; path = "resize-arrows.png"; sourceTree = "<group>"; };
		295E48DE2AE223E500C259D2 /* menu-2.png */ = {isa = PBXFileReference; lastKnownFileType = image.png; path = "menu-2.png"; sourceTree = "<group>"; };
		295E48DF2AE223E500C259D2 /* right-arrow-forward.png */ = {isa = PBXFileReference; lastKnownFileType = image.png; path = "right-arrow-forward.png"; sourceTree = "<group>"; };
		295E48E02AE223E500C259D2 /* house-outline.png */ = {isa = PBXFileReference; lastKnownFileType = image.png; path = "house-outline.png"; sourceTree = "<group>"; };
		295E48E12AE223E500C259D2 /* go-back-left-arrow.png */ = {isa = PBXFileReference; lastKnownFileType = image.png; path = "go-back-left-arrow.png"; sourceTree = "<group>"; };
		295E48E22AE223E500C259D2 /* refresh-button.png */ = {isa = PBXFileReference; lastKnownFileType = image.png; path = "refresh-button.png"; sourceTree = "<group>"; };
		295E48E32AE223E500C259D2 /* maximize-2.png */ = {isa = PBXFileReference; lastKnownFileType = image.png; path = "maximize-2.png"; sourceTree = "<group>"; };
		295E48EC2AE355EF00C259D2 /* WKMVViewController.swift */ = {isa = PBXFileReference; lastKnownFileType = sourcecode.swift; path = WKMVViewController.swift; sourceTree = "<group>"; };
		295E48EE2AE3AEAD00C259D2 /* WKProfileHeader.swift */ = {isa = PBXFileReference; lastKnownFileType = sourcecode.swift; path = WKProfileHeader.swift; sourceTree = "<group>"; };
		295E48F02AE3AF5400C259D2 /* WKAvatarView.swift */ = {isa = PBXFileReference; lastKnownFileType = sourcecode.swift; path = WKAvatarView.swift; sourceTree = "<group>"; };
		295FA8102A985D3500B35C54 /* NeteaseTVDemo.app */ = {isa = PBXFileReference; explicitFileType = wrapper.application; includeInIndex = 0; path = NeteaseTVDemo.app; sourceTree = BUILT_PRODUCTS_DIR; };
		295FA8132A985D3500B35C54 /* AppDelegate.swift */ = {isa = PBXFileReference; lastKnownFileType = sourcecode.swift; path = AppDelegate.swift; sourceTree = "<group>"; };
		295FA8152A985D3500B35C54 /* ViewController.swift */ = {isa = PBXFileReference; lastKnownFileType = sourcecode.swift; path = ViewController.swift; sourceTree = "<group>"; };
		295FA8182A985D3500B35C54 /* Base */ = {isa = PBXFileReference; lastKnownFileType = file.storyboard; name = Base; path = Base.lproj/Main.storyboard; sourceTree = "<group>"; };
		295FA81A2A985D3600B35C54 /* Assets.xcassets */ = {isa = PBXFileReference; lastKnownFileType = folder.assetcatalog; path = Assets.xcassets; sourceTree = "<group>"; };
		295FA81D2A985D3600B35C54 /* Base */ = {isa = PBXFileReference; lastKnownFileType = file.storyboard; name = Base; path = Base.lproj/LaunchScreen.storyboard; sourceTree = "<group>"; };
		295FA8252A985D5100B35C54 /* WKPlayerSettings.swift */ = {isa = PBXFileReference; fileEncoding = 4; lastKnownFileType = sourcecode.swift; path = WKPlayerSettings.swift; sourceTree = "<group>"; };
		295FA8262A985D5100B35C54 /* WKPlayerStateModel.swift */ = {isa = PBXFileReference; fileEncoding = 4; lastKnownFileType = sourcecode.swift; path = WKPlayerStateModel.swift; sourceTree = "<group>"; };
		295FA8272A985D5100B35C54 /* WKPlayer.swift */ = {isa = PBXFileReference; fileEncoding = 4; lastKnownFileType = sourcecode.swift; path = WKPlayer.swift; sourceTree = "<group>"; };
		2969156B2AE645E100ED9298 /* WKRecentPlayViewController.swift */ = {isa = PBXFileReference; lastKnownFileType = sourcecode.swift; path = WKRecentPlayViewController.swift; sourceTree = "<group>"; };
		2969156D2AE649A900ED9298 /* WKRecentSongListVC.swift */ = {isa = PBXFileReference; lastKnownFileType = sourcecode.swift; path = WKRecentSongListVC.swift; sourceTree = "<group>"; };
		2969156F2AE753B300ED9298 /* WKRencentVoiceListVC.swift */ = {isa = PBXFileReference; lastKnownFileType = sourcecode.swift; path = WKRencentVoiceListVC.swift; sourceTree = "<group>"; };
		296915712AE75A0C00ED9298 /* WKRencentPlaylistVC.swift */ = {isa = PBXFileReference; lastKnownFileType = sourcecode.swift; path = WKRencentPlaylistVC.swift; sourceTree = "<group>"; };
		296915732AE764E000ED9298 /* WKRecentAlbumListVC.swift */ = {isa = PBXFileReference; lastKnownFileType = sourcecode.swift; path = WKRecentAlbumListVC.swift; sourceTree = "<group>"; };
		296915752AE7915500ED9298 /* WKRecentVideoVC.swift */ = {isa = PBXFileReference; lastKnownFileType = sourcecode.swift; path = WKRecentVideoVC.swift; sourceTree = "<group>"; };
		296915772AE7961600ED9298 /* WKRecentPodcastListVC.swift */ = {isa = PBXFileReference; lastKnownFileType = sourcecode.swift; path = WKRecentPodcastListVC.swift; sourceTree = "<group>"; };
		296915792AE89E5E00ED9298 /* WKPlayingViewController.swift */ = {isa = PBXFileReference; lastKnownFileType = sourcecode.swift; path = WKPlayingViewController.swift; sourceTree = "<group>"; };
		2969157B2AEF48A900ED9298 /* WKMyCollectionVC.swift */ = {isa = PBXFileReference; lastKnownFileType = sourcecode.swift; path = WKMyCollectionVC.swift; sourceTree = "<group>"; };
		2969157D2AEF4E5C00ED9298 /* WKMyCollectionPlaylistVC.swift */ = {isa = PBXFileReference; lastKnownFileType = sourcecode.swift; path = WKMyCollectionPlaylistVC.swift; sourceTree = "<group>"; };
		2969157F2AEF804000ED9298 /* WKMyPlaylistViewController.swift */ = {isa = PBXFileReference; lastKnownFileType = sourcecode.swift; path = WKMyPlaylistViewController.swift; sourceTree = "<group>"; };
		296915812AEF82A200ED9298 /* WKSettingViewController.swift */ = {isa = PBXFileReference; lastKnownFileType = sourcecode.swift; path = WKSettingViewController.swift; sourceTree = "<group>"; };
		296915832AEF84FD00ED9298 /* Settings.swift */ = {isa = PBXFileReference; lastKnownFileType = sourcecode.swift; path = Settings.swift; sourceTree = "<group>"; };
		296915852AEF90B200ED9298 /* WKMyCollectionAlbumVC.swift */ = {isa = PBXFileReference; lastKnownFileType = sourcecode.swift; path = WKMyCollectionAlbumVC.swift; sourceTree = "<group>"; };
		296915872AEF923800ED9298 /* WKMyCollectionPodcastVC.swift */ = {isa = PBXFileReference; lastKnownFileType = sourcecode.swift; path = WKMyCollectionPodcastVC.swift; sourceTree = "<group>"; };
		2969158B2AF246A300ED9298 /* WKAboutViewController.swift */ = {isa = PBXFileReference; lastKnownFileType = sourcecode.swift; path = WKAboutViewController.swift; sourceTree = "<group>"; };
		297F2E082AD8CD3B002F4F24 /* WKPodcastDetailViewController.swift */ = {isa = PBXFileReference; lastKnownFileType = sourcecode.swift; path = WKPodcastDetailViewController.swift; sourceTree = "<group>"; };
		297F2E0B2AD8E50F002F4F24 /* UserDefault+.swift */ = {isa = PBXFileReference; lastKnownFileType = sourcecode.swift; path = "UserDefault+.swift"; sourceTree = "<group>"; };
		297F2E0D2AD8E6B6002F4F24 /* WKUserModel.swift */ = {isa = PBXFileReference; lastKnownFileType = sourcecode.swift; path = WKUserModel.swift; sourceTree = "<group>"; };
		297F2E102AD91507002F4F24 /* WKProfileViewController.swift */ = {isa = PBXFileReference; lastKnownFileType = sourcecode.swift; path = WKProfileViewController.swift; sourceTree = "<group>"; };
		297F2E132AD9383E002F4F24 /* WKSearchViewController.swift */ = {isa = PBXFileReference; lastKnownFileType = sourcecode.swift; path = WKSearchViewController.swift; sourceTree = "<group>"; };
		297F2E182ADA3D66002F4F24 /* WKSearchResultViewController.swift */ = {isa = PBXFileReference; lastKnownFileType = sourcecode.swift; path = WKSearchResultViewController.swift; sourceTree = "<group>"; };
		297F2E1A2ADA74C8002F4F24 /* WKSegmentCell.swift */ = {isa = PBXFileReference; lastKnownFileType = sourcecode.swift; path = WKSegmentCell.swift; sourceTree = "<group>"; };
		297F2E1C2ADA7DC9002F4F24 /* WKSearchTypeModel.swift */ = {isa = PBXFileReference; lastKnownFileType = sourcecode.swift; path = WKSearchTypeModel.swift; sourceTree = "<group>"; };
		2986B2EB2AB3F3C4002BC0CC /* WKTabBarViewController.swift */ = {isa = PBXFileReference; lastKnownFileType = sourcecode.swift; path = WKTabBarViewController.swift; sourceTree = "<group>"; };
		2986B2ED2AB3F418002BC0CC /* WKRecommendViewController.swift */ = {isa = PBXFileReference; lastKnownFileType = sourcecode.swift; path = WKRecommendViewController.swift; sourceTree = "<group>"; };
		2986B2EF2AB42E54002BC0CC /* WKPlayListTableViewCell.swift */ = {isa = PBXFileReference; lastKnownFileType = sourcecode.swift; path = WKPlayListTableViewCell.swift; sourceTree = "<group>"; };
		299458032B3AC7BE0015616E /* WKAccountCell.swift */ = {isa = PBXFileReference; fileEncoding = 4; lastKnownFileType = sourcecode.swift; path = WKAccountCell.swift; sourceTree = "<group>"; };
		299458042B3AC7BE0015616E /* WKSwitchAccountVC.swift */ = {isa = PBXFileReference; fileEncoding = 4; lastKnownFileType = sourcecode.swift; path = WKSwitchAccountVC.swift; sourceTree = "<group>"; };
		29A1D6FE2AD4E3E1005EAFC0 /* WKLoginViewController.swift */ = {isa = PBXFileReference; lastKnownFileType = sourcecode.swift; path = WKLoginViewController.swift; sourceTree = "<group>"; };
		29A1D7032AD647E8005EAFC0 /* WKFindViewController.swift */ = {isa = PBXFileReference; lastKnownFileType = sourcecode.swift; path = WKFindViewController.swift; sourceTree = "<group>"; };
		29A1D7052AD65294005EAFC0 /* WKFindModel.swift */ = {isa = PBXFileReference; lastKnownFileType = sourcecode.swift; path = WKFindModel.swift; sourceTree = "<group>"; };
		29A1D7082AD78721005EAFC0 /* WKPodcastViewController.swift */ = {isa = PBXFileReference; lastKnownFileType = sourcecode.swift; path = WKPodcastViewController.swift; sourceTree = "<group>"; };
		29C865682AC415CA00AB008A /* WKSingleSongView.swift */ = {isa = PBXFileReference; lastKnownFileType = sourcecode.swift; path = WKSingleSongView.swift; sourceTree = "<group>"; };
		29D6ADBD2B27EAAC00BC3695 /* WKMyCollectionMVVC.swift */ = {isa = PBXFileReference; lastKnownFileType = sourcecode.swift; path = WKMyCollectionMVVC.swift; sourceTree = "<group>"; };
		29DC0E3A2AD104F000DD314A /* WKUserCollectionViewCell.swift */ = {isa = PBXFileReference; lastKnownFileType = sourcecode.swift; path = WKUserCollectionViewCell.swift; sourceTree = "<group>"; };
		29DC0E3C2AD252AD00DD314A /* WKRecommendPlaylistVC.swift */ = {isa = PBXFileReference; lastKnownFileType = sourcecode.swift; path = WKRecommendPlaylistVC.swift; sourceTree = "<group>"; };
		29DC0E3E2AD27D4500DD314A /* WKDescViewController.swift */ = {isa = PBXFileReference; lastKnownFileType = sourcecode.swift; path = WKDescViewController.swift; sourceTree = "<group>"; };
		29E033E72ADE2766002A4B37 /* WKSingerDetailViewController.swift */ = {isa = PBXFileReference; lastKnownFileType = sourcecode.swift; path = WKSingerDetailViewController.swift; sourceTree = "<group>"; };
		29E372B82AE5FD2C00CF7CA3 /* String+Extension.swift */ = {isa = PBXFileReference; lastKnownFileType = sourcecode.swift; path = "String+Extension.swift"; sourceTree = "<group>"; };
		29E96A1B2B21B997003AB1E7 /* WKMyCloudSongVC.swift */ = {isa = PBXFileReference; lastKnownFileType = sourcecode.swift; path = WKMyCloudSongVC.swift; sourceTree = "<group>"; };
		29E96A232B244947003AB1E7 /* WKMoreView.swift */ = {isa = PBXFileReference; lastKnownFileType = sourcecode.swift; path = WKMoreView.swift; sourceTree = "<group>"; };
		29E96A252B26992E003AB1E7 /* WKDailySongsViewController.swift */ = {isa = PBXFileReference; lastKnownFileType = sourcecode.swift; path = WKDailySongsViewController.swift; sourceTree = "<group>"; };
		29E96A272B26A370003AB1E7 /* WKSongCollectionViewCell.swift */ = {isa = PBXFileReference; lastKnownFileType = sourcecode.swift; path = WKSongCollectionViewCell.swift; sourceTree = "<group>"; };
		29EBE67B2ADFA8E20023E9C7 /* WKVideoViewController.swift */ = {isa = PBXFileReference; lastKnownFileType = sourcecode.swift; path = WKVideoViewController.swift; sourceTree = "<group>"; };
		29EBE67D2ADFB5900023E9C7 /* Int+Extension.swift */ = {isa = PBXFileReference; lastKnownFileType = sourcecode.swift; path = "Int+Extension.swift"; sourceTree = "<group>"; };
		29F2F6192AB18A9900E2F389 /* WKConfig.swift */ = {isa = PBXFileReference; lastKnownFileType = sourcecode.swift; path = WKConfig.swift; sourceTree = "<group>"; };
		29F2F61F2AB190CB00E2F389 /* WKLyricTableViewCell.swift */ = {isa = PBXFileReference; lastKnownFileType = sourcecode.swift; path = WKLyricTableViewCell.swift; sourceTree = "<group>"; };
		29FAC7572AFC6A9B00FEA7C0 /* WKCommentViewController.swift */ = {isa = PBXFileReference; lastKnownFileType = sourcecode.swift; path = WKCommentViewController.swift; sourceTree = "<group>"; };
		29FAC7592AFC7D3B00FEA7C0 /* WKCommentTableViewCell.swift */ = {isa = PBXFileReference; lastKnownFileType = sourcecode.swift; path = WKCommentTableViewCell.swift; sourceTree = "<group>"; };
		50C9DA282CCD9A6800C7CC6B /* NodeMobile.xcframework */ = {isa = PBXFileReference; lastKnownFileType = wrapper.xcframework; path = NodeMobile.xcframework; sourceTree = "<group>"; };
		50C9DA2A2CCD9A6D00C7CC6B /* Service.zip */ = {isa = PBXFileReference; lastKnownFileType = archive.zip; path = Service.zip; sourceTree = "<group>"; };
		50C9DA2C2CCD9A7700C7CC6B /* ApiService.swift */ = {isa = PBXFileReference; lastKnownFileType = sourcecode.swift; path = ApiService.swift; sourceTree = "<group>"; };
		50C9DA2D2CCD9A7700C7CC6B /* ApiService+Server.swift */ = {isa = PBXFileReference; lastKnownFileType = sourcecode.swift; path = "ApiService+Server.swift"; sourceTree = "<group>"; };
		50C9DA2E2CCD9A7700C7CC6B /* ApiService+Source.swift */ = {isa = PBXFileReference; lastKnownFileType = sourcecode.swift; path = "ApiService+Source.swift"; sourceTree = "<group>"; };
		50C9DA342CCD9B7200C7CC6B /* main.swift */ = {isa = PBXFileReference; lastKnownFileType = sourcecode.swift; path = main.swift; sourceTree = "<group>"; };
		981777802B36DA3D004F124A /* WKRemoteCommandManager.swift */ = {isa = PBXFileReference; lastKnownFileType = sourcecode.swift; path = WKRemoteCommandManager.swift; sourceTree = "<group>"; };
		98B8C9C12B34A46500CD0F76 /* WKNowPlayingInfo.swift */ = {isa = PBXFileReference; fileEncoding = 4; lastKnownFileType = sourcecode.swift; path = WKNowPlayingInfo.swift; sourceTree = "<group>"; };
		98C0EFAF2B29F28F005B176F /* TopShelf.appex */ = {isa = PBXFileReference; explicitFileType = "wrapper.app-extension"; includeInIndex = 0; path = TopShelf.appex; sourceTree = BUILT_PRODUCTS_DIR; };
		98C0EFB02B29F28F005B176F /* TVServices.framework */ = {isa = PBXFileReference; lastKnownFileType = wrapper.framework; name = TVServices.framework; path = System/Library/Frameworks/TVServices.framework; sourceTree = SDKROOT; };
		98C0EFB32B29F28F005B176F /* ContentProvider.swift */ = {isa = PBXFileReference; lastKnownFileType = sourcecode.swift; path = ContentProvider.swift; sourceTree = "<group>"; };
		98C0EFB52B29F28F005B176F /* Info.plist */ = {isa = PBXFileReference; lastKnownFileType = text.plist.xml; path = Info.plist; sourceTree = "<group>"; };
		98C0EFBD2B29F378005B176F /* NeteaseTVDemo.entitlements */ = {isa = PBXFileReference; lastKnownFileType = text.plist.entitlements; path = NeteaseTVDemo.entitlements; sourceTree = "<group>"; };
		98C0EFBE2B29F38D005B176F /* TopShelf.entitlements */ = {isa = PBXFileReference; lastKnownFileType = text.plist.entitlements; path = TopShelf.entitlements; sourceTree = "<group>"; };
		F40099DA2C5FC9F800F28A99 /* WKLyricProgressLabel.swift */ = {isa = PBXFileReference; lastKnownFileType = sourcecode.swift; path = WKLyricProgressLabel.swift; sourceTree = "<group>"; };
		F4905DF22A98DD9C00C76905 /* WKPlayerTool.swift */ = {isa = PBXFileReference; fileEncoding = 4; lastKnownFileType = sourcecode.swift; path = WKPlayerTool.swift; sourceTree = "<group>"; };
		F4905DF32A98DD9C00C76905 /* WKCountdown.swift */ = {isa = PBXFileReference; fileEncoding = 4; lastKnownFileType = sourcecode.swift; path = WKCountdown.swift; sourceTree = "<group>"; };
		F4905DF42A98DD9C00C76905 /* WKPlayerError.swift */ = {isa = PBXFileReference; fileEncoding = 4; lastKnownFileType = sourcecode.swift; path = WKPlayerError.swift; sourceTree = "<group>"; };
		F4905DF82A98DDF700C76905 /* CustomAudioModel.swift */ = {isa = PBXFileReference; fileEncoding = 4; lastKnownFileType = sourcecode.swift; path = CustomAudioModel.swift; sourceTree = "<group>"; };
		F4905DFA2A98E15400C76905 /* Info.plist */ = {isa = PBXFileReference; lastKnownFileType = text.plist; path = Info.plist; sourceTree = "<group>"; };
/* End PBXFileReference section */

/* Begin PBXFrameworksBuildPhase section */
		295FA80D2A985D3500B35C54 /* Frameworks */ = {
			isa = PBXFrameworksBuildPhase;
			buildActionMask = 2147483647;
			files = (
				50C9DA292CCD9A6800C7CC6B /* NodeMobile.xcframework in Frameworks */,
				29F2F62C2AB1A83600E2F389 /* MarqueeLabel in Frameworks */,
				294B84432BAAC73600CB2995 /* ColorfulX in Frameworks */,
				29A1D7012AD4ED8E005EAFC0 /* EFQRCode in Frameworks */,
				29F2F6292AB1935600E2F389 /* SnapKit in Frameworks */,
				50C9DA3D2CCD9C3200C7CC6B /* NodeMobile.xcframework in Frameworks */,
				29F2F6182AB18A0E00E2F389 /* NeteaseRequest in Frameworks */,
				29F2F5FA2AB0113F00E2F389 /* Kingfisher in Frameworks */,
				50C9DA3C2CCD9BB300C7CC6B /* ZipArchive in Frameworks */,
			);
			runOnlyForDeploymentPostprocessing = 0;
		};
		98C0EFAC2B29F28F005B176F /* Frameworks */ = {
			isa = PBXFrameworksBuildPhase;
			buildActionMask = 2147483647;
			files = (
				98C0EFB12B29F28F005B176F /* TVServices.framework in Frameworks */,
			);
			runOnlyForDeploymentPostprocessing = 0;
		};
/* End PBXFrameworksBuildPhase section */

/* Begin PBXGroup section */
		2906FBD82ABD32C6004E5069 /* Banner */ = {
			isa = PBXGroup;
			children = (
				2906FBD92ABD32C6004E5069 /* FSPagerView.swift */,
				2906FBDA2ABD32C6004E5069 /* FSPageViewTransformer.swift */,
				2906FBDB2ABD32C6004E5069 /* FSPagerViewObjcCompat.h */,
				2906FBDC2ABD32C6004E5069 /* FSPagerViewCell.swift */,
				2906FBDD2ABD32C6004E5069 /* FSPagerViewLayoutAttributes.swift */,
				2906FBDE2ABD32C6004E5069 /* FSPageViewLayout.swift */,
				2906FBDF2ABD32C6004E5069 /* FSPageControl.swift */,
				2906FBE02ABD32C6004E5069 /* FSPagerViewObjcCompat.m */,
				2906FBE12ABD32C6004E5069 /* FSPagerCollectionView.swift */,
			);
			path = Banner;
			sourceTree = "<group>";
		};
		295E48D62AE2218800C259D2 /* Browser */ = {
			isa = PBXGroup;
			children = (
				295E48D72AE2218800C259D2 /* WKBrowserViewController.h */,
				295E48D82AE2218800C259D2 /* WKBrowserViewController.m */,
				295E48DA2AE221CA00C259D2 /* NeteaseTVDemo-Bridging-Header.h */,
				295E48DB2AE223E500C259D2 /* MenuIcons */,
			);
			path = Browser;
			sourceTree = "<group>";
		};
		295E48DB2AE223E500C259D2 /* MenuIcons */ = {
			isa = PBXGroup;
			children = (
				295E48DC2AE223E500C259D2 /* menu-button.png */,
				295E48DD2AE223E500C259D2 /* resize-arrows.png */,
				295E48DE2AE223E500C259D2 /* menu-2.png */,
				295E48DF2AE223E500C259D2 /* right-arrow-forward.png */,
				295E48E02AE223E500C259D2 /* house-outline.png */,
				295E48E12AE223E500C259D2 /* go-back-left-arrow.png */,
				295E48E22AE223E500C259D2 /* refresh-button.png */,
				295E48E32AE223E500C259D2 /* maximize-2.png */,
			);
			path = MenuIcons;
			sourceTree = "<group>";
		};
		295FA8072A985D3500B35C54 = {
			isa = PBXGroup;
			children = (
				295FA8122A985D3500B35C54 /* NeteaseTVDemo */,
				98C0EFB22B29F28F005B176F /* TopShelf */,
				295FA8112A985D3500B35C54 /* Products */,
				295FA8562A9F11E700B35C54 /* Frameworks */,
			);
			sourceTree = "<group>";
		};
		295FA8112A985D3500B35C54 /* Products */ = {
			isa = PBXGroup;
			children = (
				295FA8102A985D3500B35C54 /* NeteaseTVDemo.app */,
				98C0EFAF2B29F28F005B176F /* TopShelf.appex */,
			);
			name = Products;
			sourceTree = "<group>";
		};
		295FA8122A985D3500B35C54 /* NeteaseTVDemo */ = {
			isa = PBXGroup;
			children = (
				50C9DA282CCD9A6800C7CC6B /* NodeMobile.xcframework */,
				50C9DA2A2CCD9A6D00C7CC6B /* Service.zip */,
				50C9DA2F2CCD9A7700C7CC6B /* ApiService */,
				98C0EFBD2B29F378005B176F /* NeteaseTVDemo.entitlements */,
				2969158A2AF21D6800ED9298 /* Modules */,
				297F2E0A2AD8E4DD002F4F24 /* Extensions */,
				F4905DFA2A98E15400C76905 /* Info.plist */,
				50C9DA342CCD9B7200C7CC6B /* main.swift */,
				295FA8132A985D3500B35C54 /* AppDelegate.swift */,
				29F2F6192AB18A9900E2F389 /* WKConfig.swift */,
				2986B2EF2AB42E54002BC0CC /* WKPlayListTableViewCell.swift */,
				2986B2EB2AB3F3C4002BC0CC /* WKTabBarViewController.swift */,
				2944A9432AC3B96F00FD4F52 /* WKPlayListCollectionViewCell.swift */,
				297F2E1A2ADA74C8002F4F24 /* WKSegmentCell.swift */,
				293F74F72ADF66F500692091 /* WKSongTableViewCell.swift */,
				293F75022ADF88D200692091 /* WKMVCollectionViewCell.swift */,
				296915832AEF84FD00ED9298 /* Settings.swift */,
				29507BA62B1815AB0093D8BB /* WKInputViewController.swift */,
				295FA8172A985D3500B35C54 /* Main.storyboard */,
				295FA81A2A985D3600B35C54 /* Assets.xcassets */,
				295FA81C2A985D3600B35C54 /* LaunchScreen.storyboard */,
			);
			path = NeteaseTVDemo;
			sourceTree = "<group>";
		};
		295FA8242A985D5100B35C54 /* Player */ = {
			isa = PBXGroup;
			children = (
				F4905DF82A98DDF700C76905 /* CustomAudioModel.swift */,
				295FA8252A985D5100B35C54 /* WKPlayerSettings.swift */,
				295FA8262A985D5100B35C54 /* WKPlayerStateModel.swift */,
				295FA8272A985D5100B35C54 /* WKPlayer.swift */,
				F4905DF32A98DD9C00C76905 /* WKCountdown.swift */,
				F4905DF42A98DD9C00C76905 /* WKPlayerError.swift */,
				F4905DF22A98DD9C00C76905 /* WKPlayerTool.swift */,
			);
			path = Player;
			sourceTree = "<group>";
		};
		295FA8562A9F11E700B35C54 /* Frameworks */ = {
			isa = PBXGroup;
			children = (
				98C0EFB02B29F28F005B176F /* TVServices.framework */,
			);
			name = Frameworks;
			sourceTree = "<group>";
		};
		2969158A2AF21D6800ED9298 /* Modules */ = {
			isa = PBXGroup;
			children = (
				98B8C9BE2B34A46500CD0F76 /* RemoteControl */,
				295FA8242A985D5100B35C54 /* Player */,
				29DC0E362ACFA59500DD314A /* Recommend */,
				295E48D62AE2218800C259D2 /* Browser */,
				29EBE67A2ADFA8CE0023E9C7 /* Video */,
				29A1D7072AD78710005EAFC0 /* Podcast */,
				29A1D7022AD647C7005EAFC0 /* Find */,
				29A1D6FD2AD4E3CB005EAFC0 /* Login */,
				297F2E0F2AD914E4002F4F24 /* Profile */,
				297F2E122AD93753002F4F24 /* Search */,
				29DC0E382ACFB50600DD314A /* Detail */,
				29DC0E372ACFA59500DD314A /* Playing */,
			);
			path = Modules;
			sourceTree = "<group>";
		};
		297F2E0A2AD8E4DD002F4F24 /* Extensions */ = {
			isa = PBXGroup;
			children = (
				297F2E0B2AD8E50F002F4F24 /* UserDefault+.swift */,
				29EBE67D2ADFB5900023E9C7 /* Int+Extension.swift */,
				295E48CF2AE1056600C259D2 /* UIViewController+Extension.swift */,
				29E372B82AE5FD2C00CF7CA3 /* String+Extension.swift */,
			);
			path = Extensions;
			sourceTree = "<group>";
		};
		297F2E0F2AD914E4002F4F24 /* Profile */ = {
			isa = PBXGroup;
			children = (
				297F2E102AD91507002F4F24 /* WKProfileViewController.swift */,
				2969156B2AE645E100ED9298 /* WKRecentPlayViewController.swift */,
				2969156D2AE649A900ED9298 /* WKRecentSongListVC.swift */,
				2969156F2AE753B300ED9298 /* WKRencentVoiceListVC.swift */,
				296915712AE75A0C00ED9298 /* WKRencentPlaylistVC.swift */,
				296915732AE764E000ED9298 /* WKRecentAlbumListVC.swift */,
				296915752AE7915500ED9298 /* WKRecentVideoVC.swift */,
				296915772AE7961600ED9298 /* WKRecentPodcastListVC.swift */,
				2969157B2AEF48A900ED9298 /* WKMyCollectionVC.swift */,
				2969157D2AEF4E5C00ED9298 /* WKMyCollectionPlaylistVC.swift */,
				296915852AEF90B200ED9298 /* WKMyCollectionAlbumVC.swift */,
				296915872AEF923800ED9298 /* WKMyCollectionPodcastVC.swift */,
				29D6ADBD2B27EAAC00BC3695 /* WKMyCollectionMVVC.swift */,
				29E96A1B2B21B997003AB1E7 /* WKMyCloudSongVC.swift */,
				2969157F2AEF804000ED9298 /* WKMyPlaylistViewController.swift */,
				296915812AEF82A200ED9298 /* WKSettingViewController.swift */,
				2969158B2AF246A300ED9298 /* WKAboutViewController.swift */,
				295E48EE2AE3AEAD00C259D2 /* WKProfileHeader.swift */,
				295E48F02AE3AF5400C259D2 /* WKAvatarView.swift */,
				299458032B3AC7BE0015616E /* WKAccountCell.swift */,
				299458042B3AC7BE0015616E /* WKSwitchAccountVC.swift */,
				292CB8A32B3E688E000F63A1 /* WKSongCollectionVC.swift */,
			);
			path = Profile;
			sourceTree = "<group>";
		};
		297F2E122AD93753002F4F24 /* Search */ = {
			isa = PBXGroup;
			children = (
				297F2E132AD9383E002F4F24 /* WKSearchViewController.swift */,
				297F2E182ADA3D66002F4F24 /* WKSearchResultViewController.swift */,
				297F2E1C2ADA7DC9002F4F24 /* WKSearchTypeModel.swift */,
			);
			path = Search;
			sourceTree = "<group>";
		};
		29A1D6FD2AD4E3CB005EAFC0 /* Login */ = {
			isa = PBXGroup;
			children = (
				29A1D6FE2AD4E3E1005EAFC0 /* WKLoginViewController.swift */,
				297F2E0D2AD8E6B6002F4F24 /* WKUserModel.swift */,
			);
			path = Login;
			sourceTree = "<group>";
		};
		29A1D7022AD647C7005EAFC0 /* Find */ = {
			isa = PBXGroup;
			children = (
				29A1D7032AD647E8005EAFC0 /* WKFindViewController.swift */,
				29A1D7052AD65294005EAFC0 /* WKFindModel.swift */,
			);
			path = Find;
			sourceTree = "<group>";
		};
		29A1D7072AD78710005EAFC0 /* Podcast */ = {
			isa = PBXGroup;
			children = (
				29A1D7082AD78721005EAFC0 /* WKPodcastViewController.swift */,
				297F2E082AD8CD3B002F4F24 /* WKPodcastDetailViewController.swift */,
			);
			path = Podcast;
			sourceTree = "<group>";
		};
		29DC0E362ACFA59500DD314A /* Recommend */ = {
			isa = PBXGroup;
			children = (
				2906FBD82ABD32C6004E5069 /* Banner */,
				2986B2ED2AB3F418002BC0CC /* WKRecommendViewController.swift */,
				29DC0E3C2AD252AD00DD314A /* WKRecommendPlaylistVC.swift */,
				29C865682AC415CA00AB008A /* WKSingleSongView.swift */,
				29E96A252B26992E003AB1E7 /* WKDailySongsViewController.swift */,
				29E96A272B26A370003AB1E7 /* WKSongCollectionViewCell.swift */,
			);
			path = Recommend;
			sourceTree = "<group>";
		};
		29DC0E372ACFA59500DD314A /* Playing */ = {
			isa = PBXGroup;
			children = (
				295FA8152A985D3500B35C54 /* ViewController.swift */,
				2944A9372AC12EC800FD4F52 /* WKSlider.swift */,
				F40099DA2C5FC9F800F28A99 /* WKLyricProgressLabel.swift */,
				29F2F61F2AB190CB00E2F389 /* WKLyricTableViewCell.swift */,
				296915792AE89E5E00ED9298 /* WKPlayingViewController.swift */,
				29FAC7572AFC6A9B00FEA7C0 /* WKCommentViewController.swift */,
				29FAC7592AFC7D3B00FEA7C0 /* WKCommentTableViewCell.swift */,
			);
			path = Playing;
			sourceTree = "<group>";
		};
		29DC0E382ACFB50600DD314A /* Detail */ = {
			isa = PBXGroup;
			children = (
				2944A9392AC15EFA00FD4F52 /* WKPlayListDetailViewController.swift */,
				2944A93D2AC1644A00FD4F52 /* WKAlbumDetailViewController.swift */,
				2944A93F2AC16F3F00FD4F52 /* WKDescView.swift */,
				29DC0E3A2AD104F000DD314A /* WKUserCollectionViewCell.swift */,
				29DC0E3E2AD27D4500DD314A /* WKDescViewController.swift */,
				29E96A232B244947003AB1E7 /* WKMoreView.swift */,
				29E033E72ADE2766002A4B37 /* WKSingerDetailViewController.swift */,
				293F74F52ADF643D00692091 /* WKSongListViewController.swift */,
				293F74FC2ADF7EBB00692091 /* WKSingerDetailAlbumListVC.swift */,
				293F75002ADF884900692091 /* WKSingerMVListVC.swift */,
			);
			path = Detail;
			sourceTree = "<group>";
		};
		29EBE67A2ADFA8CE0023E9C7 /* Video */ = {
			isa = PBXGroup;
			children = (
				29EBE67B2ADFA8E20023E9C7 /* WKVideoViewController.swift */,
				295E48EC2AE355EF00C259D2 /* WKMVViewController.swift */,
			);
			path = Video;
			sourceTree = "<group>";
		};
		50C9DA2F2CCD9A7700C7CC6B /* ApiService */ = {
			isa = PBXGroup;
			children = (
				50C9DA2C2CCD9A7700C7CC6B /* ApiService.swift */,
				50C9DA2D2CCD9A7700C7CC6B /* ApiService+Server.swift */,
				50C9DA2E2CCD9A7700C7CC6B /* ApiService+Source.swift */,
			);
			path = ApiService;
			sourceTree = "<group>";
		};
		98B8C9BE2B34A46500CD0F76 /* RemoteControl */ = {
			isa = PBXGroup;
			children = (
				98B8C9C12B34A46500CD0F76 /* WKNowPlayingInfo.swift */,
				981777802B36DA3D004F124A /* WKRemoteCommandManager.swift */,
			);
			path = RemoteControl;
			sourceTree = "<group>";
		};
		98C0EFB22B29F28F005B176F /* TopShelf */ = {
			isa = PBXGroup;
			children = (
				98C0EFBE2B29F38D005B176F /* TopShelf.entitlements */,
				98C0EFB32B29F28F005B176F /* ContentProvider.swift */,
				98C0EFB52B29F28F005B176F /* Info.plist */,
			);
			path = TopShelf;
			sourceTree = "<group>";
		};
/* End PBXGroup section */

/* Begin PBXNativeTarget section */
		295FA80F2A985D3500B35C54 /* NeteaseTVDemo */ = {
			isa = PBXNativeTarget;
			buildConfigurationList = 295FA8212A985D3600B35C54 /* Build configuration list for PBXNativeTarget "NeteaseTVDemo" */;
			buildPhases = (
				295FA80C2A985D3500B35C54 /* Sources */,
				295FA80D2A985D3500B35C54 /* Frameworks */,
				295FA80E2A985D3500B35C54 /* Resources */,
				98C0EFB92B29F28F005B176F /* Embed Foundation Extensions */,
				50C9DA3F2CCD9C3200C7CC6B /* Embed Frameworks */,
			);
			buildRules = (
			);
			dependencies = (
				98C0EFB72B29F28F005B176F /* PBXTargetDependency */,
			);
			name = NeteaseTVDemo;
			packageProductDependencies = (
				29F2F5F92AB0113F00E2F389 /* Kingfisher */,
				29F2F6172AB18A0E00E2F389 /* NeteaseRequest */,
				29F2F6282AB1935600E2F389 /* SnapKit */,
				29F2F62B2AB1A83600E2F389 /* MarqueeLabel */,
				29A1D7002AD4ED8E005EAFC0 /* EFQRCode */,
				294B84422BAAC73600CB2995 /* ColorfulX */,
				50C9DA3B2CCD9BB300C7CC6B /* ZipArchive */,
			);
			productName = NeteaseTVDemo;
			productReference = 295FA8102A985D3500B35C54 /* NeteaseTVDemo.app */;
			productType = "com.apple.product-type.application";
		};
		98C0EFAE2B29F28F005B176F /* TopShelf */ = {
			isa = PBXNativeTarget;
			buildConfigurationList = 98C0EFBC2B29F28F005B176F /* Build configuration list for PBXNativeTarget "TopShelf" */;
			buildPhases = (
				98C0EFAB2B29F28F005B176F /* Sources */,
				98C0EFAC2B29F28F005B176F /* Frameworks */,
				98C0EFAD2B29F28F005B176F /* Resources */,
				50C9DA382CCD9B9D00C7CC6B /* Embed Frameworks */,
			);
			buildRules = (
			);
			dependencies = (
			);
			name = TopShelf;
			productName = TopShelf;
			productReference = 98C0EFAF2B29F28F005B176F /* TopShelf.appex */;
			productType = "com.apple.product-type.app-extension";
		};
/* End PBXNativeTarget section */

/* Begin PBXProject section */
		295FA8082A985D3500B35C54 /* Project object */ = {
			isa = PBXProject;
			attributes = {
				BuildIndependentTargetsInParallel = 1;
				LastSwiftUpdateCheck = 1500;
				LastUpgradeCheck = 1420;
				TargetAttributes = {
					295FA80F2A985D3500B35C54 = {
						CreatedOnToolsVersion = 14.2;
					};
					98C0EFAE2B29F28F005B176F = {
						CreatedOnToolsVersion = 15.0.1;
					};
				};
			};
			buildConfigurationList = 295FA80B2A985D3500B35C54 /* Build configuration list for PBXProject "NeteaseTVDemo" */;
			compatibilityVersion = "Xcode 14.0";
			developmentRegion = en;
			hasScannedForEncodings = 0;
			knownRegions = (
				en,
				Base,
			);
			mainGroup = 295FA8072A985D3500B35C54;
			packageReferences = (
				29F2F5F82AB0113F00E2F389 /* XCRemoteSwiftPackageReference "Kingfisher" */,
				29F2F6162AB18A0E00E2F389 /* XCRemoteSwiftPackageReference "NeteaseRequest" */,
				29F2F6272AB1935600E2F389 /* XCRemoteSwiftPackageReference "SnapKit" */,
				29F2F62A2AB1A7EE00E2F389 /* XCRemoteSwiftPackageReference "MarqueeLabel" */,
				29A1D6FC2AD4DA88005EAFC0 /* XCRemoteSwiftPackageReference "EFQRCode" */,
				294B84412BAAC64300CB2995 /* XCRemoteSwiftPackageReference "ColorfulX" */,
				50C9DA332CCD9A8A00C7CC6B /* XCRemoteSwiftPackageReference "ZipArchive" */,
			);
			productRefGroup = 295FA8112A985D3500B35C54 /* Products */;
			projectDirPath = "";
			projectRoot = "";
			targets = (
				295FA80F2A985D3500B35C54 /* NeteaseTVDemo */,
				98C0EFAE2B29F28F005B176F /* TopShelf */,
			);
		};
/* End PBXProject section */

/* Begin PBXResourcesBuildPhase section */
		295FA80E2A985D3500B35C54 /* Resources */ = {
			isa = PBXResourcesBuildPhase;
			buildActionMask = 2147483647;
			files = (
				295E48E42AE223E500C259D2 /* menu-button.png in Resources */,
				50C9DA2B2CCD9A6D00C7CC6B /* Service.zip in Resources */,
				295E48E62AE223E500C259D2 /* menu-2.png in Resources */,
				295E48E52AE223E500C259D2 /* resize-arrows.png in Resources */,
				295E48E92AE223E500C259D2 /* go-back-left-arrow.png in Resources */,
				295FA81E2A985D3600B35C54 /* LaunchScreen.storyboard in Resources */,
				295FA81B2A985D3600B35C54 /* Assets.xcassets in Resources */,
				295E48EB2AE223E500C259D2 /* maximize-2.png in Resources */,
				295E48E82AE223E500C259D2 /* house-outline.png in Resources */,
				295E48EA2AE223E500C259D2 /* refresh-button.png in Resources */,
				295E48E72AE223E500C259D2 /* right-arrow-forward.png in Resources */,
				295FA8192A985D3500B35C54 /* Main.storyboard in Resources */,
			);
			runOnlyForDeploymentPostprocessing = 0;
		};
		98C0EFAD2B29F28F005B176F /* Resources */ = {
			isa = PBXResourcesBuildPhase;
			buildActionMask = 2147483647;
			files = (
			);
			runOnlyForDeploymentPostprocessing = 0;
		};
/* End PBXResourcesBuildPhase section */

/* Begin PBXSourcesBuildPhase section */
		295FA80C2A985D3500B35C54 /* Sources */ = {
			isa = PBXSourcesBuildPhase;
			buildActionMask = 2147483647;
			files = (
				2969156E2AE649A900ED9298 /* WKRecentSongListVC.swift in Sources */,
				50C9DA352CCD9B7200C7CC6B /* main.swift in Sources */,
				F4905DF52A98DD9D00C76905 /* WKPlayerTool.swift in Sources */,
				2969157A2AE89E5E00ED9298 /* WKPlayingViewController.swift in Sources */,
				295FA8292A985D5100B35C54 /* WKPlayerStateModel.swift in Sources */,
				296915842AEF84FD00ED9298 /* Settings.swift in Sources */,
				2944A93E2AC1644A00FD4F52 /* WKAlbumDetailViewController.swift in Sources */,
				296915762AE7915500ED9298 /* WKRecentVideoVC.swift in Sources */,
				293F74F92ADF66F500692091 /* WKSongTableViewCell.swift in Sources */,
				296915822AEF82A200ED9298 /* WKSettingViewController.swift in Sources */,
				297F2E192ADA3D66002F4F24 /* WKSearchResultViewController.swift in Sources */,
				295FA8282A985D5100B35C54 /* WKPlayerSettings.swift in Sources */,
				296915882AEF923800ED9298 /* WKMyCollectionPodcastVC.swift in Sources */,
				297F2E1B2ADA74C8002F4F24 /* WKSegmentCell.swift in Sources */,
				2986B2EE2AB3F418002BC0CC /* WKRecommendViewController.swift in Sources */,
				296915702AE753B300ED9298 /* WKRencentVoiceListVC.swift in Sources */,
				98B8C9C42B34A46500CD0F76 /* WKNowPlayingInfo.swift in Sources */,
				29507BA72B1815AB0093D8BB /* WKInputViewController.swift in Sources */,
				29E033E82ADE2766002A4B37 /* WKSingerDetailViewController.swift in Sources */,
				29A1D7042AD647E8005EAFC0 /* WKFindViewController.swift in Sources */,
				F4905DF92A98DDF700C76905 /* CustomAudioModel.swift in Sources */,
				293F75012ADF884900692091 /* WKSingerMVListVC.swift in Sources */,
				296915722AE75A0C00ED9298 /* WKRencentPlaylistVC.swift in Sources */,
				2906FBE42ABD32C6004E5069 /* FSPagerViewCell.swift in Sources */,
				295E48ED2AE355EF00C259D2 /* WKMVViewController.swift in Sources */,
				293F75032ADF88D200692091 /* WKMVCollectionViewCell.swift in Sources */,
				2906FBE92ABD32C6004E5069 /* FSPagerCollectionView.swift in Sources */,
				293F74FD2ADF7EBB00692091 /* WKSingerDetailAlbumListVC.swift in Sources */,
				2944A9442AC3B96F00FD4F52 /* WKPlayListCollectionViewCell.swift in Sources */,
				2986B2F02AB42E54002BC0CC /* WKPlayListTableViewCell.swift in Sources */,
				2906FBE72ABD32C6004E5069 /* FSPageControl.swift in Sources */,
				293F74F62ADF643D00692091 /* WKSongListViewController.swift in Sources */,
				295FA82A2A985D5100B35C54 /* WKPlayer.swift in Sources */,
				29EBE67E2ADFB5900023E9C7 /* Int+Extension.swift in Sources */,
				29A1D7062AD65294005EAFC0 /* WKFindModel.swift in Sources */,
				29F2F6202AB190CB00E2F389 /* WKLyricTableViewCell.swift in Sources */,
				29A1D7092AD78721005EAFC0 /* WKPodcastViewController.swift in Sources */,
				295FA8162A985D3500B35C54 /* ViewController.swift in Sources */,
				299458062B3AC7BE0015616E /* WKSwitchAccountVC.swift in Sources */,
				297F2E092AD8CD3B002F4F24 /* WKPodcastDetailViewController.swift in Sources */,
				297F2E0E2AD8E6B6002F4F24 /* WKUserModel.swift in Sources */,
				F40099DB2C5FC9F800F28A99 /* WKLyricProgressLabel.swift in Sources */,
				29DC0E3D2AD252AD00DD314A /* WKRecommendPlaylistVC.swift in Sources */,
				29FAC7582AFC6A9B00FEA7C0 /* WKCommentViewController.swift in Sources */,
				29FAC75A2AFC7D3B00FEA7C0 /* WKCommentTableViewCell.swift in Sources */,
				29E96A282B26A370003AB1E7 /* WKSongCollectionViewCell.swift in Sources */,
				2944A9402AC16F3F00FD4F52 /* WKDescView.swift in Sources */,
				29F2F61A2AB18A9900E2F389 /* WKConfig.swift in Sources */,
				29E96A242B244947003AB1E7 /* WKMoreView.swift in Sources */,
				2969158C2AF246A300ED9298 /* WKAboutViewController.swift in Sources */,
				297F2E0C2AD8E50F002F4F24 /* UserDefault+.swift in Sources */,
				29C865692AC415CA00AB008A /* WKSingleSongView.swift in Sources */,
				981777812B36DA3D004F124A /* WKRemoteCommandManager.swift in Sources */,
				2944A93B2AC15EFA00FD4F52 /* WKPlayListDetailViewController.swift in Sources */,
				295E48EF2AE3AEAD00C259D2 /* WKProfileHeader.swift in Sources */,
				297F2E112AD91507002F4F24 /* WKProfileViewController.swift in Sources */,
				2906FBE82ABD32C6004E5069 /* FSPagerViewObjcCompat.m in Sources */,
				2969157E2AEF4E5C00ED9298 /* WKMyCollectionPlaylistVC.swift in Sources */,
				29E96A1C2B21B997003AB1E7 /* WKMyCloudSongVC.swift in Sources */,
				292CB8A42B3E688E000F63A1 /* WKSongCollectionVC.swift in Sources */,
				29DC0E3F2AD27D4500DD314A /* WKDescViewController.swift in Sources */,
				2906FBE62ABD32C6004E5069 /* FSPageViewLayout.swift in Sources */,
				295E48F12AE3AF5400C259D2 /* WKAvatarView.swift in Sources */,
				29E96A262B26992E003AB1E7 /* WKDailySongsViewController.swift in Sources */,
				295FA8142A985D3500B35C54 /* AppDelegate.swift in Sources */,
				296915802AEF804000ED9298 /* WKMyPlaylistViewController.swift in Sources */,
				2969156C2AE645E100ED9298 /* WKRecentPlayViewController.swift in Sources */,
				29D6ADBE2B27EAAC00BC3695 /* WKMyCollectionMVVC.swift in Sources */,
				F4905DF62A98DD9D00C76905 /* WKCountdown.swift in Sources */,
				29A1D6FF2AD4E3E1005EAFC0 /* WKLoginViewController.swift in Sources */,
				2969157C2AEF48A900ED9298 /* WKMyCollectionVC.swift in Sources */,
				50C9DA302CCD9A7700C7CC6B /* ApiService+Server.swift in Sources */,
				50C9DA312CCD9A7700C7CC6B /* ApiService+Source.swift in Sources */,
				50C9DA322CCD9A7700C7CC6B /* ApiService.swift in Sources */,
				2986B2EC2AB3F3C4002BC0CC /* WKTabBarViewController.swift in Sources */,
				F4905DF72A98DD9D00C76905 /* WKPlayerError.swift in Sources */,
				299458052B3AC7BE0015616E /* WKAccountCell.swift in Sources */,
				29EBE67C2ADFA8E20023E9C7 /* WKVideoViewController.swift in Sources */,
				296915742AE764E000ED9298 /* WKRecentAlbumListVC.swift in Sources */,
				297F2E1D2ADA7DC9002F4F24 /* WKSearchTypeModel.swift in Sources */,
				2906FBE32ABD32C6004E5069 /* FSPageViewTransformer.swift in Sources */,
				295E48D92AE2218800C259D2 /* WKBrowserViewController.m in Sources */,
				2906FBE22ABD32C6004E5069 /* FSPagerView.swift in Sources */,
				2944A9382AC12EC800FD4F52 /* WKSlider.swift in Sources */,
				295E48D02AE1056600C259D2 /* UIViewController+Extension.swift in Sources */,
				2906FBE52ABD32C6004E5069 /* FSPagerViewLayoutAttributes.swift in Sources */,
				296915862AEF90B200ED9298 /* WKMyCollectionAlbumVC.swift in Sources */,
				296915782AE7961600ED9298 /* WKRecentPodcastListVC.swift in Sources */,
				29DC0E3B2AD104F000DD314A /* WKUserCollectionViewCell.swift in Sources */,
				29E372B92AE5FD2C00CF7CA3 /* String+Extension.swift in Sources */,
				297F2E142AD9383E002F4F24 /* WKSearchViewController.swift in Sources */,
			);
			runOnlyForDeploymentPostprocessing = 0;
		};
		98C0EFAB2B29F28F005B176F /* Sources */ = {
			isa = PBXSourcesBuildPhase;
			buildActionMask = 2147483647;
			files = (
				98C0EFB42B29F28F005B176F /* ContentProvider.swift in Sources */,
			);
			runOnlyForDeploymentPostprocessing = 0;
		};
/* End PBXSourcesBuildPhase section */

/* Begin PBXTargetDependency section */
		98C0EFB72B29F28F005B176F /* PBXTargetDependency */ = {
			isa = PBXTargetDependency;
			target = 98C0EFAE2B29F28F005B176F /* TopShelf */;
			targetProxy = 98C0EFB62B29F28F005B176F /* PBXContainerItemProxy */;
		};
/* End PBXTargetDependency section */

/* Begin PBXVariantGroup section */
		295FA8172A985D3500B35C54 /* Main.storyboard */ = {
			isa = PBXVariantGroup;
			children = (
				295FA8182A985D3500B35C54 /* Base */,
			);
			name = Main.storyboard;
			sourceTree = "<group>";
		};
		295FA81C2A985D3600B35C54 /* LaunchScreen.storyboard */ = {
			isa = PBXVariantGroup;
			children = (
				295FA81D2A985D3600B35C54 /* Base */,
			);
			name = LaunchScreen.storyboard;
			sourceTree = "<group>";
		};
/* End PBXVariantGroup section */

/* Begin XCBuildConfiguration section */
		295FA81F2A985D3600B35C54 /* Debug */ = {
			isa = XCBuildConfiguration;
			buildSettings = {
				ALWAYS_SEARCH_USER_PATHS = NO;
				CLANG_ANALYZER_NONNULL = YES;
				CLANG_ANALYZER_NUMBER_OBJECT_CONVERSION = YES_AGGRESSIVE;
				CLANG_CXX_LANGUAGE_STANDARD = "gnu++20";
				CLANG_ENABLE_MODULES = YES;
				CLANG_ENABLE_OBJC_ARC = YES;
				CLANG_ENABLE_OBJC_WEAK = YES;
				CLANG_WARN_BLOCK_CAPTURE_AUTORELEASING = YES;
				CLANG_WARN_BOOL_CONVERSION = YES;
				CLANG_WARN_COMMA = YES;
				CLANG_WARN_CONSTANT_CONVERSION = YES;
				CLANG_WARN_DEPRECATED_OBJC_IMPLEMENTATIONS = YES;
				CLANG_WARN_DIRECT_OBJC_ISA_USAGE = YES_ERROR;
				CLANG_WARN_DOCUMENTATION_COMMENTS = YES;
				CLANG_WARN_EMPTY_BODY = YES;
				CLANG_WARN_ENUM_CONVERSION = YES;
				CLANG_WARN_INFINITE_RECURSION = YES;
				CLANG_WARN_INT_CONVERSION = YES;
				CLANG_WARN_NON_LITERAL_NULL_CONVERSION = YES;
				CLANG_WARN_OBJC_IMPLICIT_RETAIN_SELF = YES;
				CLANG_WARN_OBJC_LITERAL_CONVERSION = YES;
				CLANG_WARN_OBJC_ROOT_CLASS = YES_ERROR;
				CLANG_WARN_QUOTED_INCLUDE_IN_FRAMEWORK_HEADER = YES;
				CLANG_WARN_RANGE_LOOP_ANALYSIS = YES;
				CLANG_WARN_STRICT_PROTOTYPES = YES;
				CLANG_WARN_SUSPICIOUS_MOVE = YES;
				CLANG_WARN_UNGUARDED_AVAILABILITY = YES_AGGRESSIVE;
				CLANG_WARN_UNREACHABLE_CODE = YES;
				CLANG_WARN__DUPLICATE_METHOD_MATCH = YES;
				COPY_PHASE_STRIP = NO;
				DEBUG_INFORMATION_FORMAT = dwarf;
				ENABLE_STRICT_OBJC_MSGSEND = YES;
				ENABLE_TESTABILITY = YES;
				GCC_C_LANGUAGE_STANDARD = gnu11;
				GCC_DYNAMIC_NO_PIC = NO;
				GCC_NO_COMMON_BLOCKS = YES;
				GCC_OPTIMIZATION_LEVEL = 0;
				GCC_PREPROCESSOR_DEFINITIONS = (
					"DEBUG=1",
					"$(inherited)",
				);
				GCC_WARN_64_TO_32_BIT_CONVERSION = YES;
				GCC_WARN_ABOUT_RETURN_TYPE = YES_ERROR;
				GCC_WARN_UNDECLARED_SELECTOR = YES;
				GCC_WARN_UNINITIALIZED_AUTOS = YES_AGGRESSIVE;
				GCC_WARN_UNUSED_FUNCTION = YES;
				GCC_WARN_UNUSED_VARIABLE = YES;
				MTL_ENABLE_DEBUG_INFO = INCLUDE_SOURCE;
				MTL_FAST_MATH = YES;
				ONLY_ACTIVE_ARCH = YES;
				SDKROOT = appletvos;
				SWIFT_ACTIVE_COMPILATION_CONDITIONS = DEBUG;
				SWIFT_OPTIMIZATION_LEVEL = "-Onone";
				TVOS_DEPLOYMENT_TARGET = 16.1;
			};
			name = Debug;
		};
		295FA8202A985D3600B35C54 /* Release */ = {
			isa = XCBuildConfiguration;
			buildSettings = {
				ALWAYS_SEARCH_USER_PATHS = NO;
				CLANG_ANALYZER_NONNULL = YES;
				CLANG_ANALYZER_NUMBER_OBJECT_CONVERSION = YES_AGGRESSIVE;
				CLANG_CXX_LANGUAGE_STANDARD = "gnu++20";
				CLANG_ENABLE_MODULES = YES;
				CLANG_ENABLE_OBJC_ARC = YES;
				CLANG_ENABLE_OBJC_WEAK = YES;
				CLANG_WARN_BLOCK_CAPTURE_AUTORELEASING = YES;
				CLANG_WARN_BOOL_CONVERSION = YES;
				CLANG_WARN_COMMA = YES;
				CLANG_WARN_CONSTANT_CONVERSION = YES;
				CLANG_WARN_DEPRECATED_OBJC_IMPLEMENTATIONS = YES;
				CLANG_WARN_DIRECT_OBJC_ISA_USAGE = YES_ERROR;
				CLANG_WARN_DOCUMENTATION_COMMENTS = YES;
				CLANG_WARN_EMPTY_BODY = YES;
				CLANG_WARN_ENUM_CONVERSION = YES;
				CLANG_WARN_INFINITE_RECURSION = YES;
				CLANG_WARN_INT_CONVERSION = YES;
				CLANG_WARN_NON_LITERAL_NULL_CONVERSION = YES;
				CLANG_WARN_OBJC_IMPLICIT_RETAIN_SELF = YES;
				CLANG_WARN_OBJC_LITERAL_CONVERSION = YES;
				CLANG_WARN_OBJC_ROOT_CLASS = YES_ERROR;
				CLANG_WARN_QUOTED_INCLUDE_IN_FRAMEWORK_HEADER = YES;
				CLANG_WARN_RANGE_LOOP_ANALYSIS = YES;
				CLANG_WARN_STRICT_PROTOTYPES = YES;
				CLANG_WARN_SUSPICIOUS_MOVE = YES;
				CLANG_WARN_UNGUARDED_AVAILABILITY = YES_AGGRESSIVE;
				CLANG_WARN_UNREACHABLE_CODE = YES;
				CLANG_WARN__DUPLICATE_METHOD_MATCH = YES;
				COPY_PHASE_STRIP = NO;
				DEBUG_INFORMATION_FORMAT = "dwarf-with-dsym";
				ENABLE_NS_ASSERTIONS = NO;
				ENABLE_STRICT_OBJC_MSGSEND = YES;
				GCC_C_LANGUAGE_STANDARD = gnu11;
				GCC_NO_COMMON_BLOCKS = YES;
				GCC_WARN_64_TO_32_BIT_CONVERSION = YES;
				GCC_WARN_ABOUT_RETURN_TYPE = YES_ERROR;
				GCC_WARN_UNDECLARED_SELECTOR = YES;
				GCC_WARN_UNINITIALIZED_AUTOS = YES_AGGRESSIVE;
				GCC_WARN_UNUSED_FUNCTION = YES;
				GCC_WARN_UNUSED_VARIABLE = YES;
				MTL_ENABLE_DEBUG_INFO = NO;
				MTL_FAST_MATH = YES;
				SDKROOT = appletvos;
				SWIFT_COMPILATION_MODE = wholemodule;
				SWIFT_OPTIMIZATION_LEVEL = "-O";
				TVOS_DEPLOYMENT_TARGET = 16.1;
				VALIDATE_PRODUCT = YES;
			};
			name = Release;
		};
		295FA8222A985D3600B35C54 /* Debug */ = {
			isa = XCBuildConfiguration;
			buildSettings = {
				ALWAYS_EMBED_SWIFT_STANDARD_LIBRARIES = YES;
				ASSETCATALOG_COMPILER_APPICON_NAME = "App Icon & Top Shelf Image";
				ASSETCATALOG_COMPILER_GLOBAL_ACCENT_COLOR_NAME = AccentColor;
				CODE_SIGN_ENTITLEMENTS = NeteaseTVDemo/NeteaseTVDemo.entitlements;
				CODE_SIGN_STYLE = Automatic;
				CURRENT_PROJECT_VERSION = 34;
				DEVELOPMENT_TEAM = 964G86XT2P;
				GENERATE_INFOPLIST_FILE = YES;
				INFOPLIST_FILE = NeteaseTVDemo/Info.plist;
				INFOPLIST_KEY_CFBundleDisplayName = Vibefy;
				INFOPLIST_KEY_LSApplicationCategoryType = "public.app-category.music";
				INFOPLIST_KEY_UILaunchStoryboardName = LaunchScreen;
				INFOPLIST_KEY_UIMainStoryboardFile = Main;
				LD_RUNPATH_SEARCH_PATHS = (
					"$(inherited)",
					"@executable_path/Frameworks",
				);
				MARKETING_VERSION = 0.1.0;
				PRODUCT_BUNDLE_IDENTIFIER = wiki.qaq.vibefy;
				PRODUCT_NAME = "$(TARGET_NAME)";
				SUPPORTED_PLATFORMS = "appletvos appletvsimulator";
				SUPPORTS_MACCATALYST = NO;
				SWIFT_EMIT_LOC_STRINGS = YES;
				SWIFT_OBJC_BRIDGING_HEADER = "$(PROJECT_DIR)/NeteaseTVDemo/Modules/Browser/NeteaseTVDemo-Bridging-Header.h";
				SWIFT_VERSION = 5.0;
				TARGETED_DEVICE_FAMILY = 3;
			};
			name = Debug;
		};
		295FA8232A985D3600B35C54 /* Release */ = {
			isa = XCBuildConfiguration;
			buildSettings = {
				ALWAYS_EMBED_SWIFT_STANDARD_LIBRARIES = YES;
				ASSETCATALOG_COMPILER_APPICON_NAME = "App Icon & Top Shelf Image";
				ASSETCATALOG_COMPILER_GLOBAL_ACCENT_COLOR_NAME = AccentColor;
				CODE_SIGN_ENTITLEMENTS = NeteaseTVDemo/NeteaseTVDemo.entitlements;
				CODE_SIGN_STYLE = Automatic;
				CURRENT_PROJECT_VERSION = 34;
				DEVELOPMENT_TEAM = 964G86XT2P;
				GENERATE_INFOPLIST_FILE = YES;
				INFOPLIST_FILE = NeteaseTVDemo/Info.plist;
				INFOPLIST_KEY_CFBundleDisplayName = Vibefy;
				INFOPLIST_KEY_LSApplicationCategoryType = "public.app-category.music";
				INFOPLIST_KEY_UILaunchStoryboardName = LaunchScreen;
				INFOPLIST_KEY_UIMainStoryboardFile = Main;
				LD_RUNPATH_SEARCH_PATHS = (
					"$(inherited)",
					"@executable_path/Frameworks",
				);
				MARKETING_VERSION = 0.1.0;
				PRODUCT_BUNDLE_IDENTIFIER = wiki.qaq.vibefy;
				PRODUCT_NAME = "$(TARGET_NAME)";
				SUPPORTED_PLATFORMS = "appletvos appletvsimulator";
				SUPPORTS_MACCATALYST = NO;
				SWIFT_EMIT_LOC_STRINGS = YES;
				SWIFT_OBJC_BRIDGING_HEADER = "$(PROJECT_DIR)/NeteaseTVDemo/Modules/Browser/NeteaseTVDemo-Bridging-Header.h";
				SWIFT_VERSION = 5.0;
				TARGETED_DEVICE_FAMILY = 3;
			};
			name = Release;
		};
		98C0EFBA2B29F28F005B176F /* Debug */ = {
			isa = XCBuildConfiguration;
			buildSettings = {
				ASSETCATALOG_COMPILER_GENERATE_SWIFT_ASSET_SYMBOL_EXTENSIONS = YES;
				CODE_SIGN_ENTITLEMENTS = TopShelf/TopShelf.entitlements;
				CODE_SIGN_STYLE = Automatic;
				CURRENT_PROJECT_VERSION = 1;
				DEVELOPMENT_TEAM = 964G86XT2P;
				ENABLE_USER_SCRIPT_SANDBOXING = YES;
				GCC_C_LANGUAGE_STANDARD = gnu17;
				GENERATE_INFOPLIST_FILE = YES;
				INFOPLIST_FILE = TopShelf/Info.plist;
				INFOPLIST_KEY_CFBundleDisplayName = TopShelf;
				INFOPLIST_KEY_NSHumanReadableCopyright = "";
				INFOPLIST_KEY_UIRequiredDeviceCapabilities = "armv7 arm64";
				LD_RUNPATH_SEARCH_PATHS = (
					"$(inherited)",
					"@executable_path/Frameworks",
					"@executable_path/../../Frameworks",
				);
				LOCALIZATION_PREFERS_STRING_CATALOGS = YES;
				MARKETING_VERSION = 1.0;
				PRODUCT_BUNDLE_IDENTIFIER = wiki.qaq.vibefy.TopShelf;
				PRODUCT_NAME = "$(TARGET_NAME)";
				SKIP_INSTALL = YES;
				SWIFT_ACTIVE_COMPILATION_CONDITIONS = "DEBUG $(inherited)";
				SWIFT_EMIT_LOC_STRINGS = YES;
				SWIFT_VERSION = 5.0;
				TARGETED_DEVICE_FAMILY = 3;
				TVOS_DEPLOYMENT_TARGET = 17.0;
			};
			name = Debug;
		};
		98C0EFBB2B29F28F005B176F /* Release */ = {
			isa = XCBuildConfiguration;
			buildSettings = {
				ASSETCATALOG_COMPILER_GENERATE_SWIFT_ASSET_SYMBOL_EXTENSIONS = YES;
				CODE_SIGN_ENTITLEMENTS = TopShelf/TopShelf.entitlements;
				CODE_SIGN_STYLE = Automatic;
				CURRENT_PROJECT_VERSION = 1;
				DEVELOPMENT_TEAM = 964G86XT2P;
				ENABLE_USER_SCRIPT_SANDBOXING = YES;
				GCC_C_LANGUAGE_STANDARD = gnu17;
				GENERATE_INFOPLIST_FILE = YES;
				INFOPLIST_FILE = TopShelf/Info.plist;
				INFOPLIST_KEY_CFBundleDisplayName = TopShelf;
				INFOPLIST_KEY_NSHumanReadableCopyright = "";
				INFOPLIST_KEY_UIRequiredDeviceCapabilities = "armv7 arm64";
				LD_RUNPATH_SEARCH_PATHS = (
					"$(inherited)",
					"@executable_path/Frameworks",
					"@executable_path/../../Frameworks",
				);
				LOCALIZATION_PREFERS_STRING_CATALOGS = YES;
				MARKETING_VERSION = 1.0;
				PRODUCT_BUNDLE_IDENTIFIER = wiki.qaq.vibefy.TopShelf;
				PRODUCT_NAME = "$(TARGET_NAME)";
				SKIP_INSTALL = YES;
				SWIFT_EMIT_LOC_STRINGS = YES;
				SWIFT_VERSION = 5.0;
				TARGETED_DEVICE_FAMILY = 3;
				TVOS_DEPLOYMENT_TARGET = 17.0;
			};
			name = Release;
		};
/* End XCBuildConfiguration section */

/* Begin XCConfigurationList section */
		295FA80B2A985D3500B35C54 /* Build configuration list for PBXProject "NeteaseTVDemo" */ = {
			isa = XCConfigurationList;
			buildConfigurations = (
				295FA81F2A985D3600B35C54 /* Debug */,
				295FA8202A985D3600B35C54 /* Release */,
			);
			defaultConfigurationIsVisible = 0;
			defaultConfigurationName = Release;
		};
		295FA8212A985D3600B35C54 /* Build configuration list for PBXNativeTarget "NeteaseTVDemo" */ = {
			isa = XCConfigurationList;
			buildConfigurations = (
				295FA8222A985D3600B35C54 /* Debug */,
				295FA8232A985D3600B35C54 /* Release */,
			);
			defaultConfigurationIsVisible = 0;
			defaultConfigurationName = Release;
		};
		98C0EFBC2B29F28F005B176F /* Build configuration list for PBXNativeTarget "TopShelf" */ = {
			isa = XCConfigurationList;
			buildConfigurations = (
				98C0EFBA2B29F28F005B176F /* Debug */,
				98C0EFBB2B29F28F005B176F /* Release */,
			);
			defaultConfigurationIsVisible = 0;
			defaultConfigurationName = Release;
		};
/* End XCConfigurationList section */

/* Begin XCRemoteSwiftPackageReference section */
		294B84412BAAC64300CB2995 /* XCRemoteSwiftPackageReference "ColorfulX" */ = {
			isa = XCRemoteSwiftPackageReference;
			repositoryURL = "https://github.com/Lakr233/ColorfulX.git";
			requirement = {
				kind = upToNextMajorVersion;
				minimumVersion = 2.4.5;
			};
		};
		29A1D6FC2AD4DA88005EAFC0 /* XCRemoteSwiftPackageReference "EFQRCode" */ = {
			isa = XCRemoteSwiftPackageReference;
			repositoryURL = "https://github.com/EFPrefix/EFQRCode.git";
			requirement = {
				branch = main;
				kind = branch;
			};
		};
		29F2F5F82AB0113F00E2F389 /* XCRemoteSwiftPackageReference "Kingfisher" */ = {
			isa = XCRemoteSwiftPackageReference;
			repositoryURL = "https://github.com/onevcat/Kingfisher.git";
			requirement = {
				kind = upToNextMajorVersion;
				minimumVersion = 7.0.0;
			};
		};
		29F2F6162AB18A0E00E2F389 /* XCRemoteSwiftPackageReference "NeteaseRequest" */ = {
			isa = XCRemoteSwiftPackageReference;
			repositoryURL = "https://github.com/ZhangDo/NeteaseRequest.git";
			requirement = {
				kind = upToNextMajorVersion;
				minimumVersion = 1.2.3;
			};
		};
		29F2F6272AB1935600E2F389 /* XCRemoteSwiftPackageReference "SnapKit" */ = {
			isa = XCRemoteSwiftPackageReference;
			repositoryURL = "https://github.com/SnapKit/SnapKit.git";
			requirement = {
				kind = upToNextMajorVersion;
				minimumVersion = 5.0.1;
			};
		};
		29F2F62A2AB1A7EE00E2F389 /* XCRemoteSwiftPackageReference "MarqueeLabel" */ = {
			isa = XCRemoteSwiftPackageReference;
			repositoryURL = "https://github.com/cbpowell/MarqueeLabel";
			requirement = {
				branch = master;
				kind = branch;
			};
		};
		50C9DA332CCD9A8A00C7CC6B /* XCRemoteSwiftPackageReference "ZipArchive" */ = {
			isa = XCRemoteSwiftPackageReference;
			repositoryURL = "https://github.com/ZipArchive/ZipArchive";
			requirement = {
				kind = upToNextMajorVersion;
				minimumVersion = 2.6.0;
			};
		};
/* End XCRemoteSwiftPackageReference section */

/* Begin XCSwiftPackageProductDependency section */
		294B84422BAAC73600CB2995 /* ColorfulX */ = {
			isa = XCSwiftPackageProductDependency;
			package = 294B84412BAAC64300CB2995 /* XCRemoteSwiftPackageReference "ColorfulX" */;
			productName = ColorfulX;
		};
		29A1D7002AD4ED8E005EAFC0 /* EFQRCode */ = {
			isa = XCSwiftPackageProductDependency;
			package = 29A1D6FC2AD4DA88005EAFC0 /* XCRemoteSwiftPackageReference "EFQRCode" */;
			productName = EFQRCode;
		};
		29F2F5F92AB0113F00E2F389 /* Kingfisher */ = {
			isa = XCSwiftPackageProductDependency;
			package = 29F2F5F82AB0113F00E2F389 /* XCRemoteSwiftPackageReference "Kingfisher" */;
			productName = Kingfisher;
		};
		29F2F6172AB18A0E00E2F389 /* NeteaseRequest */ = {
			isa = XCSwiftPackageProductDependency;
			package = 29F2F6162AB18A0E00E2F389 /* XCRemoteSwiftPackageReference "NeteaseRequest" */;
			productName = NeteaseRequest;
		};
		29F2F6282AB1935600E2F389 /* SnapKit */ = {
			isa = XCSwiftPackageProductDependency;
			package = 29F2F6272AB1935600E2F389 /* XCRemoteSwiftPackageReference "SnapKit" */;
			productName = SnapKit;
		};
		29F2F62B2AB1A83600E2F389 /* MarqueeLabel */ = {
			isa = XCSwiftPackageProductDependency;
			package = 29F2F62A2AB1A7EE00E2F389 /* XCRemoteSwiftPackageReference "MarqueeLabel" */;
			productName = MarqueeLabel;
		};
		50C9DA3B2CCD9BB300C7CC6B /* ZipArchive */ = {
			isa = XCSwiftPackageProductDependency;
			package = 50C9DA332CCD9A8A00C7CC6B /* XCRemoteSwiftPackageReference "ZipArchive" */;
			productName = ZipArchive;
		};
/* End XCSwiftPackageProductDependency section */
	};
	rootObject = 295FA8082A985D3500B35C54 /* Project object */;
}
