{
  "pins" : [
    {
      "identity" : "alamofire",
      "kind" : "remoteSourceControl",
      "location" : "https://github.com/Alamofire/Alamofire.git",
      "state" : {
        "revision" : "b2fa556e4e48cbf06cf8c63def138c98f4b811fa",
        "version" : "5.8.0"
      }
    },
    {
      "identity" : "efqrcode",
      "kind" : "remoteSourceControl",
      "location" : "https://github.com/EFPrefix/EFQRCode.git",
      "state" : {
        "branch" : "main",
        "revision" : "5cc6cc0b03742b23d1958642210fbf23a20dac53"
      }
    },
    {
      "identity" : "kingfisher",
      "kind" : "remoteSourceControl",
      "location" : "https://github.com/onevcat/Kingfisher.git",
      "state" : {
        "revision" : "b6f62758f21a8c03cd64f4009c037cfa580a256e",
        "version" : "7.9.1"
      }
    },
    {
      "identity" : "marqueelabel",
      "kind" : "remoteSourceControl",
      "location" : "https://github.com/cbpowell/MarqueeLabel",
      "state" : {
        "branch" : "master",
        "revision" : "bc00d4cbff7f6c416035e3d16c21885452cd159e"
      }
    },
    {
      "identity" : "neteaserequest",
      "kind" : "remoteSourceControl",
      "location" : "https://github.com/ZhangDo/NeteaseRequest.git",
      "state" : {
        "revision" : "8effe2d4bbcf5327129fba582c5a59d34ac77f1b",
        "version" : "0.7.4"
      }
    },
    {
      "identity" : "snapkit",
      "kind" : "remoteSourceControl",
      "location" : "https://github.com/SnapKit/SnapKit.git",
      "state" : {
        "revision" : "f222cbdf325885926566172f6f5f06af95473158",
        "version" : "5.6.0"
      }
    },
    {
      "identity" : "swift_qrcodejs",
      "kind" : "remoteSourceControl",
      "location" : "https://github.com/ApolloZhu/swift_qrcodejs.git",
      "state" : {
        "revision" : "374dc7f7b9e76c6aeb393f6a84590c6d387e1ecb",
        "version" : "2.2.2"
      }
    },
    {
      "identity" : "swiftyjson",
      "kind" : "remoteSourceControl",
      "location" : "https://github.com/SwiftyJSON/SwiftyJSON.git",
      "state" : {
        "revision" : "2b6054efa051565954e1d2b9da831680026cd768",
        "version" : "4.3.0"
      }
    }
  ],
  "version" : 2
}
